// !$*UTF8*$!
{
	archiveVersion = 1;
	classes = {
	};
	objectVersion = 50;
	objects = {

/* Begin PBXBuildFile section */
		CA097A2B245CC8F200EB9889 /* MovieCollectionView.xib in Resources */ = {isa = PBXBuildFile; fileRef = CA097A2A245CC8F200EB9889 /* MovieCollectionView.xib */; };
		CA097A2D245CC90E00EB9889 /* MovieCollectionView.swift in Sources */ = {isa = PBXBuildFile; fileRef = CA097A2C245CC90E00EB9889 /* MovieCollectionView.swift */; };
		CA097A31245CCC4A00EB9889 /* MovieCollectionViewCell.swift in Sources */ = {isa = PBXBuildFile; fileRef = CA097A2F245CCC4A00EB9889 /* MovieCollectionViewCell.swift */; };
		CA097A32245CCC4A00EB9889 /* MovieCollectionViewCell.xib in Resources */ = {isa = PBXBuildFile; fileRef = CA097A30245CCC4A00EB9889 /* MovieCollectionViewCell.xib */; };
		CA097A35245CD67700EB9889 /* MovieView.xib in Resources */ = {isa = PBXBuildFile; fileRef = CA097A34245CD67700EB9889 /* MovieView.xib */; };
		CA097A37245CD74000EB9889 /* MovieView.swift in Sources */ = {isa = PBXBuildFile; fileRef = CA097A36245CD74000EB9889 /* MovieView.swift */; };
		CA0AEB832466181300E8A703 /* UIActivityIndicatorView+Additions.swift in Sources */ = {isa = PBXBuildFile; fileRef = CA0AEB822466181300E8A703 /* UIActivityIndicatorView+Additions.swift */; };
		CA0AEB852466193E00E8A703 /* UIView+ActivityIndicator.swift in Sources */ = {isa = PBXBuildFile; fileRef = CA0AEB842466193E00E8A703 /* UIView+ActivityIndicator.swift */; };
		CA11932824490EA100625FB5 /* UIButton+Additions.swift in Sources */ = {isa = PBXBuildFile; fileRef = CA11932724490EA100625FB5 /* UIButton+Additions.swift */; };
		CA127ADC246848210079C42F /* MovieHeaderDisplay.swift in Sources */ = {isa = PBXBuildFile; fileRef = CA127ADB246848210079C42F /* MovieHeaderDisplay.swift */; };
		CA127AE724684F8B0079C42F /* Bahij_TheSansArabic-Black.ttf in Resources */ = {isa = PBXBuildFile; fileRef = CA127ADF24684F890079C42F /* Bahij_TheSansArabic-Black.ttf */; };
		CA127AE824684F8B0079C42F /* Bahij_TheSansArabic-Light.ttf in Resources */ = {isa = PBXBuildFile; fileRef = CA127AE024684F890079C42F /* Bahij_TheSansArabic-Light.ttf */; };
		CA127AE924684F8B0079C42F /* Bahij_TheSansArabic-ExtraLight.ttf in Resources */ = {isa = PBXBuildFile; fileRef = CA127AE124684F890079C42F /* Bahij_TheSansArabic-ExtraLight.ttf */; };
		CA127AEA24684F8B0079C42F /* Bahij_TheSansArabic-Plain.ttf in Resources */ = {isa = PBXBuildFile; fileRef = CA127AE224684F8A0079C42F /* Bahij_TheSansArabic-Plain.ttf */; };
		CA127AEB24684F8B0079C42F /* Bahij_TheSansArabic-ExtraBold.ttf in Resources */ = {isa = PBXBuildFile; fileRef = CA127AE324684F8A0079C42F /* Bahij_TheSansArabic-ExtraBold.ttf */; };
		CA127AEC24684F8B0079C42F /* Bahij_TheSansArabic-SemiLight.ttf in Resources */ = {isa = PBXBuildFile; fileRef = CA127AE424684F8A0079C42F /* Bahij_TheSansArabic-SemiLight.ttf */; };
		CA127AED24684F8B0079C42F /* Bahij_TheSansArabic-SemiBold.ttf in Resources */ = {isa = PBXBuildFile; fileRef = CA127AE524684F8A0079C42F /* Bahij_TheSansArabic-SemiBold.ttf */; };
		CA127AEE24684F8B0079C42F /* Bahij_TheSansArabic-Bold.ttf in Resources */ = {isa = PBXBuildFile; fileRef = CA127AE624684F8B0079C42F /* Bahij_TheSansArabic-Bold.ttf */; };
		CA1C9D37246218A0003AEABA /* Vibration.swift in Sources */ = {isa = PBXBuildFile; fileRef = CA1C9D36246218A0003AEABA /* Vibration.swift */; };
		CA1C9D3D2462248A003AEABA /* MovieAPI.swift in Sources */ = {isa = PBXBuildFile; fileRef = CA1C9D3C2462248A003AEABA /* MovieAPI.swift */; };
		CA22AB5E246A021F00EF11D4 /* API+Configuration.swift in Sources */ = {isa = PBXBuildFile; fileRef = CA22AB5D246A021F00EF11D4 /* API+Configuration.swift */; };
		CA26E997244F7282001D01C9 /* PromiseKit.framework in Frameworks */ = {isa = PBXBuildFile; fileRef = CA26E996244F7282001D01C9 /* PromiseKit.framework */; };
		CA37BF0F245CC7C40015D105 /* MovieTableViewCell.swift in Sources */ = {isa = PBXBuildFile; fileRef = CA37BF0D245CC7C40015D105 /* MovieTableViewCell.swift */; };
		CA37BF10245CC7C40015D105 /* MovieTableViewCell.xib in Resources */ = {isa = PBXBuildFile; fileRef = CA37BF0E245CC7C40015D105 /* MovieTableViewCell.xib */; };
		CA632988245A093300379198 /* UICollectionView+Additions.swift in Sources */ = {isa = PBXBuildFile; fileRef = CA632987245A093300379198 /* UICollectionView+Additions.swift */; };
		CA64806E246C14EC00D16917 /* RateStarView.swift in Sources */ = {isa = PBXBuildFile; fileRef = CA64806D246C14EC00D16917 /* RateStarView.swift */; };
		CA648070246C1E5900D16917 /* RateStarView.xib in Resources */ = {isa = PBXBuildFile; fileRef = CA64806F246C1E5900D16917 /* RateStarView.xib */; };
		CA648073246C2AD100D16917 /* RateStarDisplay.swift in Sources */ = {isa = PBXBuildFile; fileRef = CA648072246C2AD100D16917 /* RateStarDisplay.swift */; };
		CA648076246C39B900D16917 /* Cosmos+Settings.swift in Sources */ = {isa = PBXBuildFile; fileRef = CA648075246C39B900D16917 /* Cosmos+Settings.swift */; };
		CA692E922466B16F00A0E3ED /* Collection+Additions.swift in Sources */ = {isa = PBXBuildFile; fileRef = CA692E912466B16F00A0E3ED /* Collection+Additions.swift */; };
		CA7711CF2450F29200B25AEE /* UILabel+Additions.swift in Sources */ = {isa = PBXBuildFile; fileRef = CA7711CE2450F29200B25AEE /* UILabel+Additions.swift */; };
		CA7711D22450F3CB00B25AEE /* UIImageView+Additions.swift in Sources */ = {isa = PBXBuildFile; fileRef = CA7711D12450F3CB00B25AEE /* UIImageView+Additions.swift */; };
		CA81A415244CF7CF0016A303 /* Alamofire.framework in Frameworks */ = {isa = PBXBuildFile; fileRef = CA81A414244CF7CF0016A303 /* Alamofire.framework */; };
		CA81A419244CFC4B0016A303 /* AlamofireImage.framework in Frameworks */ = {isa = PBXBuildFile; fileRef = CA81A418244CFC4B0016A303 /* AlamofireImage.framework */; };
		CA81A41D244CFF410016A303 /* AlamofireNetworkActivityLogger.framework in Frameworks */ = {isa = PBXBuildFile; fileRef = CA81A41C244CFF410016A303 /* AlamofireNetworkActivityLogger.framework */; };
		CA81A421244D02140016A303 /* ObjectMapper.framework in Frameworks */ = {isa = PBXBuildFile; fileRef = CA81A420244D02140016A303 /* ObjectMapper.framework */; };
		CA884C14244AD85A0004C1E3 /* MovieViewController.swift in Sources */ = {isa = PBXBuildFile; fileRef = CA884C13244AD85A0004C1E3 /* MovieViewController.swift */; };
		CA884C16244AD89D0004C1E3 /* Movie.storyboard in Resources */ = {isa = PBXBuildFile; fileRef = CA884C15244AD89D0004C1E3 /* Movie.storyboard */; };
		CA884C19244AD9B20004C1E3 /* TabBarController.swift in Sources */ = {isa = PBXBuildFile; fileRef = CA884C18244AD9B20004C1E3 /* TabBarController.swift */; };
		CA884C1D244AF1CB0004C1E3 /* MovieCoordinator.swift in Sources */ = {isa = PBXBuildFile; fileRef = CA884C1C244AF1CB0004C1E3 /* MovieCoordinator.swift */; };
		CA884C21244AF9A40004C1E3 /* ViewController.swift in Sources */ = {isa = PBXBuildFile; fileRef = CA884C20244AF9A40004C1E3 /* ViewController.swift */; };
		CA884C2C244B27120004C1E3 /* UIViewController+Additions.swift in Sources */ = {isa = PBXBuildFile; fileRef = CA884C2B244B27120004C1E3 /* UIViewController+Additions.swift */; };
		CA88A6312466E50F00D6382A /* MovieSectionHeaderView.xib in Resources */ = {isa = PBXBuildFile; fileRef = CA88A6302466E50F00D6382A /* MovieSectionHeaderView.xib */; };
		CA98BC0F24516DA6007A4828 /* VisualContent.swift in Sources */ = {isa = PBXBuildFile; fileRef = CA98BC0E24516DA6007A4828 /* VisualContent.swift */; };
		CA98BC12245171BA007A4828 /* URL+Additions.swift in Sources */ = {isa = PBXBuildFile; fileRef = CA98BC11245171BA007A4828 /* URL+Additions.swift */; };
		CA9D560E244A47B10055D942 /* UIStoryboard+Additions.swift in Sources */ = {isa = PBXBuildFile; fileRef = CA9D560D244A47B10055D942 /* UIStoryboard+Additions.swift */; };
		CA9D5613244A49EE0055D942 /* Coordinator.swift in Sources */ = {isa = PBXBuildFile; fileRef = CA9D5612244A49EE0055D942 /* Coordinator.swift */; };
		CA9D5615244A4A8F0055D942 /* ApplicationCoordinator.swift in Sources */ = {isa = PBXBuildFile; fileRef = CA9D5614244A4A8F0055D942 /* ApplicationCoordinator.swift */; };
		CAA05BC4245D134E00AE0984 /* UIColor+Additions.swift in Sources */ = {isa = PBXBuildFile; fileRef = CAA05BC3245D134E00AE0984 /* UIColor+Additions.swift */; };
		CAA29F27245ED9C400BF5249 /* MovieItemDisplay.swift in Sources */ = {isa = PBXBuildFile; fileRef = CAA29F26245ED9C400BF5249 /* MovieItemDisplay.swift */; };
		CAA29F29245EE0A000BF5249 /* Movie+Language.swift in Sources */ = {isa = PBXBuildFile; fileRef = CAA29F28245EE0A000BF5249 /* Movie+Language.swift */; };
		CAA29F2B245EE13B00BF5249 /* Movie+ProductionCountry.swift in Sources */ = {isa = PBXBuildFile; fileRef = CAA29F2A245EE13B00BF5249 /* Movie+ProductionCountry.swift */; };
		CAA29F2D245EE16D00BF5249 /* Movie+ProductionCompany.swift in Sources */ = {isa = PBXBuildFile; fileRef = CAA29F2C245EE16D00BF5249 /* Movie+ProductionCompany.swift */; };
		CAA29F2F245EE1A400BF5249 /* Movie+Genre.swift in Sources */ = {isa = PBXBuildFile; fileRef = CAA29F2E245EE1A400BF5249 /* Movie+Genre.swift */; };
		CAA29F31245EE22100BF5249 /* Movie+Status.swift in Sources */ = {isa = PBXBuildFile; fileRef = CAA29F30245EE22100BF5249 /* Movie+Status.swift */; };
		CAA29F34245EE84000BF5249 /* ObjectMapper+Additions.swift in Sources */ = {isa = PBXBuildFile; fileRef = CAA29F33245EE84000BF5249 /* ObjectMapper+Additions.swift */; };
		CAA99FCD245CFA3F003C288E /* Cosmos.framework in Frameworks */ = {isa = PBXBuildFile; fileRef = CAA99FCC245CFA3F003C288E /* Cosmos.framework */; };
		CAA99FD1245D0095003C288E /* Double+Additions.swift in Sources */ = {isa = PBXBuildFile; fileRef = CAA99FD0245D0095003C288E /* Double+Additions.swift */; };
		CAAA37D82448DA4D00A8170A /* AppDelegate.swift in Sources */ = {isa = PBXBuildFile; fileRef = CAAA37D72448DA4D00A8170A /* AppDelegate.swift */; };
		CAAA37E12448DA4E00A8170A /* Assets.xcassets in Resources */ = {isa = PBXBuildFile; fileRef = CAAA37E02448DA4E00A8170A /* Assets.xcassets */; };
		CAAA37E42448DA4E00A8170A /* LaunchScreen.storyboard in Resources */ = {isa = PBXBuildFile; fileRef = CAAA37E22448DA4E00A8170A /* LaunchScreen.storyboard */; };
		CAAA37F12448DFD300A8170A /* String+Additions.swift in Sources */ = {isa = PBXBuildFile; fileRef = CAAA37F02448DFD300A8170A /* String+Additions.swift */; };
		CAAA37F32448E01C00A8170A /* Int+Additions.swift in Sources */ = {isa = PBXBuildFile; fileRef = CAAA37F22448E01C00A8170A /* Int+Additions.swift */; };
		CAAA37F52448E06900A8170A /* Array+Additions.swift in Sources */ = {isa = PBXBuildFile; fileRef = CAAA37F42448E06900A8170A /* Array+Additions.swift */; };
		CAAA37F72448E16100A8170A /* Bundle+Additions.swift in Sources */ = {isa = PBXBuildFile; fileRef = CAAA37F62448E16100A8170A /* Bundle+Additions.swift */; };
		CAAA37FF2448E38500A8170A /* Bool+Additions.swift in Sources */ = {isa = PBXBuildFile; fileRef = CAAA37FE2448E38500A8170A /* Bool+Additions.swift */; };
		CAAA38012448E3D400A8170A /* Any+Additions.swift in Sources */ = {isa = PBXBuildFile; fileRef = CAAA38002448E3D400A8170A /* Any+Additions.swift */; };
		CAAA38072448EFA400A8170A /* UIResponder+Additions.swift in Sources */ = {isa = PBXBuildFile; fileRef = CAAA38062448EFA400A8170A /* UIResponder+Additions.swift */; };
		CAAA380A2448F08300A8170A /* UITableView+Additions.swift in Sources */ = {isa = PBXBuildFile; fileRef = CAAA38092448F08300A8170A /* UITableView+Additions.swift */; };
		CABED3C6245E2F260033D776 /* UIView+Additions.swift in Sources */ = {isa = PBXBuildFile; fileRef = CABED3C5245E2F260033D776 /* UIView+Additions.swift */; };
		CABFA82D2458D04D0044784C /* RestAPI.swift in Sources */ = {isa = PBXBuildFile; fileRef = CABFA82C2458D04D0044784C /* RestAPI.swift */; };
		CABFA82F2458D6C30044784C /* Weather.json in Resources */ = {isa = PBXBuildFile; fileRef = CABFA82E2458D6C30044784C /* Weather.json */; };
		CABFA8322458DC580044784C /* Movie_Popular.json in Resources */ = {isa = PBXBuildFile; fileRef = CABFA8312458DC580044784C /* Movie_Popular.json */; };
		CABFA83C2458DE7C0044784C /* TheMovieDB_TimeZones.json in Resources */ = {isa = PBXBuildFile; fileRef = CABFA8352458DE7B0044784C /* TheMovieDB_TimeZones.json */; };
		CABFA83D2458DE7C0044784C /* TheMovieDB_Certificates.json in Resources */ = {isa = PBXBuildFile; fileRef = CABFA8362458DE7B0044784C /* TheMovieDB_Certificates.json */; };
		CABFA83E2458DE7C0044784C /* TheMovieDB_Countries.json in Resources */ = {isa = PBXBuildFile; fileRef = CABFA8372458DE7B0044784C /* TheMovieDB_Countries.json */; };
		CABFA83F2458DE7C0044784C /* TheMovieDB_Languages.json in Resources */ = {isa = PBXBuildFile; fileRef = CABFA8382458DE7B0044784C /* TheMovieDB_Languages.json */; };
		CABFA8402458DE7C0044784C /* TheMovieDB_Tranlations.json in Resources */ = {isa = PBXBuildFile; fileRef = CABFA8392458DE7C0044784C /* TheMovieDB_Tranlations.json */; };
		CABFA8412458DE7C0044784C /* TheMovieDB_Jobs.json in Resources */ = {isa = PBXBuildFile; fileRef = CABFA83A2458DE7C0044784C /* TheMovieDB_Jobs.json */; };
		CABFA8422458DE7C0044784C /* TheMovieDB_Certificates_TV.json in Resources */ = {isa = PBXBuildFile; fileRef = CABFA83B2458DE7C0044784C /* TheMovieDB_Certificates_TV.json */; };
		CABFA8442458E2580044784C /* Movie_Detail.json in Resources */ = {isa = PBXBuildFile; fileRef = CABFA8432458E2580044784C /* Movie_Detail.json */; };
		CABFA8472458E2E20044784C /* Movie.swift in Sources */ = {isa = PBXBuildFile; fileRef = CABFA8462458E2E20044784C /* Movie.swift */; };
		CAC11216244FA28F00B5E8AE /* NibLoadable.swift in Sources */ = {isa = PBXBuildFile; fileRef = CAC11215244FA28F00B5E8AE /* NibLoadable.swift */; };
		CAC11219244FA65800B5E8AE /* EmptyStateView.swift in Sources */ = {isa = PBXBuildFile; fileRef = CAC11218244FA65800B5E8AE /* EmptyStateView.swift */; };
		CAC1121B244FA70F00B5E8AE /* EmptyStateView.xib in Resources */ = {isa = PBXBuildFile; fileRef = CAC1121A244FA70F00B5E8AE /* EmptyStateView.xib */; };
		CAD25A6B2460D3F4009BA080 /* MovieViewModel.swift in Sources */ = {isa = PBXBuildFile; fileRef = CAD25A6A2460D3F4009BA080 /* MovieViewModel.swift */; };
		CAD3081D2455E0B700317EBD /* AlamofireObjectMapper.framework in Frameworks */ = {isa = PBXBuildFile; fileRef = CAD3081C2455E0B700317EBD /* AlamofireObjectMapper.framework */; };
		CADD09722466DD8100651E18 /* MovieSectionHeaderView.swift in Sources */ = {isa = PBXBuildFile; fileRef = CADD09712466DD8100651E18 /* MovieSectionHeaderView.swift */; };
		CAEB5E612458ED5E001E7EFD /* testImage.jpg in Resources */ = {isa = PBXBuildFile; fileRef = CAEB5E602458ED5E001E7EFD /* testImage.jpg */; };
		CAEB5E632458EE9C001E7EFD /* Movie_TopRated.json in Resources */ = {isa = PBXBuildFile; fileRef = CAEB5E622458EE9C001E7EFD /* Movie_TopRated.json */; };
		CAEB5E652458EF12001E7EFD /* Movie_UpComing.json in Resources */ = {isa = PBXBuildFile; fileRef = CAEB5E642458EF12001E7EFD /* Movie_UpComing.json */; };
		CAEB5E672458EF54001E7EFD /* Movie_NowPlaying.json in Resources */ = {isa = PBXBuildFile; fileRef = CAEB5E662458EF54001E7EFD /* Movie_NowPlaying.json */; };
		CAF306A8245F514100378716 /* Popular.swift in Sources */ = {isa = PBXBuildFile; fileRef = CAF306A7245F514100378716 /* Popular.swift */; };
		CAF35CF52466F77D00E47EEA /* TopRated.swift in Sources */ = {isa = PBXBuildFile; fileRef = CAF35CF42466F77D00E47EEA /* TopRated.swift */; };
		CAF35CF72466F78B00E47EEA /* UpComing.swift in Sources */ = {isa = PBXBuildFile; fileRef = CAF35CF62466F78B00E47EEA /* UpComing.swift */; };
		CAF964422460C4FB00471285 /* ConfigReader.swift in Sources */ = {isa = PBXBuildFile; fileRef = CAF964412460C4FB00471285 /* ConfigReader.swift */; };
		CAF97A072451FE1000D762B8 /* UIView+EmptyState.swift in Sources */ = {isa = PBXBuildFile; fileRef = CAF97A062451FE1000D762B8 /* UIView+EmptyState.swift */; };
		CAFC2C37245F66A6005AB758 /* MovieDisplay.swift in Sources */ = {isa = PBXBuildFile; fileRef = CAFC2C36245F66A6005AB758 /* MovieDisplay.swift */; };
/* End PBXBuildFile section */

/* Begin PBXFileReference section */
		CA097A2A245CC8F200EB9889 /* MovieCollectionView.xib */ = {isa = PBXFileReference; lastKnownFileType = file.xib; path = MovieCollectionView.xib; sourceTree = "<group>"; };
		CA097A2C245CC90E00EB9889 /* MovieCollectionView.swift */ = {isa = PBXFileReference; lastKnownFileType = sourcecode.swift; path = MovieCollectionView.swift; sourceTree = "<group>"; };
		CA097A2F245CCC4A00EB9889 /* MovieCollectionViewCell.swift */ = {isa = PBXFileReference; lastKnownFileType = sourcecode.swift; path = MovieCollectionViewCell.swift; sourceTree = "<group>"; };
		CA097A30245CCC4A00EB9889 /* MovieCollectionViewCell.xib */ = {isa = PBXFileReference; lastKnownFileType = file.xib; path = MovieCollectionViewCell.xib; sourceTree = "<group>"; };
		CA097A34245CD67700EB9889 /* MovieView.xib */ = {isa = PBXFileReference; lastKnownFileType = file.xib; path = MovieView.xib; sourceTree = "<group>"; };
		CA097A36245CD74000EB9889 /* MovieView.swift */ = {isa = PBXFileReference; lastKnownFileType = sourcecode.swift; path = MovieView.swift; sourceTree = "<group>"; };
		CA0AEB822466181300E8A703 /* UIActivityIndicatorView+Additions.swift */ = {isa = PBXFileReference; lastKnownFileType = sourcecode.swift; path = "UIActivityIndicatorView+Additions.swift"; sourceTree = "<group>"; };
		CA0AEB842466193E00E8A703 /* UIView+ActivityIndicator.swift */ = {isa = PBXFileReference; lastKnownFileType = sourcecode.swift; path = "UIView+ActivityIndicator.swift"; sourceTree = "<group>"; };
		CA11932724490EA100625FB5 /* UIButton+Additions.swift */ = {isa = PBXFileReference; lastKnownFileType = sourcecode.swift; path = "UIButton+Additions.swift"; sourceTree = "<group>"; };
		CA127ADB246848210079C42F /* MovieHeaderDisplay.swift */ = {isa = PBXFileReference; lastKnownFileType = sourcecode.swift; path = MovieHeaderDisplay.swift; sourceTree = "<group>"; };
		CA127ADF24684F890079C42F /* Bahij_TheSansArabic-Black.ttf */ = {isa = PBXFileReference; lastKnownFileType = file; path = "Bahij_TheSansArabic-Black.ttf"; sourceTree = "<group>"; };
		CA127AE024684F890079C42F /* Bahij_TheSansArabic-Light.ttf */ = {isa = PBXFileReference; lastKnownFileType = file; path = "Bahij_TheSansArabic-Light.ttf"; sourceTree = "<group>"; };
		CA127AE124684F890079C42F /* Bahij_TheSansArabic-ExtraLight.ttf */ = {isa = PBXFileReference; lastKnownFileType = file; path = "Bahij_TheSansArabic-ExtraLight.ttf"; sourceTree = "<group>"; };
		CA127AE224684F8A0079C42F /* Bahij_TheSansArabic-Plain.ttf */ = {isa = PBXFileReference; lastKnownFileType = file; path = "Bahij_TheSansArabic-Plain.ttf"; sourceTree = "<group>"; };
		CA127AE324684F8A0079C42F /* Bahij_TheSansArabic-ExtraBold.ttf */ = {isa = PBXFileReference; lastKnownFileType = file; path = "Bahij_TheSansArabic-ExtraBold.ttf"; sourceTree = "<group>"; };
		CA127AE424684F8A0079C42F /* Bahij_TheSansArabic-SemiLight.ttf */ = {isa = PBXFileReference; lastKnownFileType = file; path = "Bahij_TheSansArabic-SemiLight.ttf"; sourceTree = "<group>"; };
		CA127AE524684F8A0079C42F /* Bahij_TheSansArabic-SemiBold.ttf */ = {isa = PBXFileReference; lastKnownFileType = file; path = "Bahij_TheSansArabic-SemiBold.ttf"; sourceTree = "<group>"; };
		CA127AE624684F8B0079C42F /* Bahij_TheSansArabic-Bold.ttf */ = {isa = PBXFileReference; lastKnownFileType = file; path = "Bahij_TheSansArabic-Bold.ttf"; sourceTree = "<group>"; };
		CA1C9D36246218A0003AEABA /* Vibration.swift */ = {isa = PBXFileReference; lastKnownFileType = sourcecode.swift; path = Vibration.swift; sourceTree = "<group>"; };
		CA1C9D3C2462248A003AEABA /* MovieAPI.swift */ = {isa = PBXFileReference; lastKnownFileType = sourcecode.swift; path = MovieAPI.swift; sourceTree = "<group>"; };
		CA22AB5D246A021F00EF11D4 /* API+Configuration.swift */ = {isa = PBXFileReference; lastKnownFileType = sourcecode.swift; path = "API+Configuration.swift"; sourceTree = "<group>"; };
		CA26E996244F7282001D01C9 /* PromiseKit.framework */ = {isa = PBXFileReference; lastKnownFileType = wrapper.framework; name = PromiseKit.framework; path = Carthage/Build/iOS/PromiseKit.framework; sourceTree = "<group>"; };
		CA37BF0D245CC7C40015D105 /* MovieTableViewCell.swift */ = {isa = PBXFileReference; lastKnownFileType = sourcecode.swift; path = MovieTableViewCell.swift; sourceTree = "<group>"; };
		CA37BF0E245CC7C40015D105 /* MovieTableViewCell.xib */ = {isa = PBXFileReference; lastKnownFileType = file.xib; path = MovieTableViewCell.xib; sourceTree = "<group>"; };
		CA632987245A093300379198 /* UICollectionView+Additions.swift */ = {isa = PBXFileReference; lastKnownFileType = sourcecode.swift; path = "UICollectionView+Additions.swift"; sourceTree = "<group>"; };
		CA64806D246C14EC00D16917 /* RateStarView.swift */ = {isa = PBXFileReference; lastKnownFileType = sourcecode.swift; path = RateStarView.swift; sourceTree = "<group>"; };
		CA64806F246C1E5900D16917 /* RateStarView.xib */ = {isa = PBXFileReference; lastKnownFileType = file.xib; path = RateStarView.xib; sourceTree = "<group>"; };
		CA648072246C2AD100D16917 /* RateStarDisplay.swift */ = {isa = PBXFileReference; lastKnownFileType = sourcecode.swift; path = RateStarDisplay.swift; sourceTree = "<group>"; };
		CA648075246C39B900D16917 /* Cosmos+Settings.swift */ = {isa = PBXFileReference; lastKnownFileType = sourcecode.swift; path = "Cosmos+Settings.swift"; sourceTree = "<group>"; };
		CA692E912466B16F00A0E3ED /* Collection+Additions.swift */ = {isa = PBXFileReference; lastKnownFileType = sourcecode.swift; path = "Collection+Additions.swift"; sourceTree = "<group>"; };
		CA7711CE2450F29200B25AEE /* UILabel+Additions.swift */ = {isa = PBXFileReference; lastKnownFileType = sourcecode.swift; path = "UILabel+Additions.swift"; sourceTree = "<group>"; };
		CA7711D12450F3CB00B25AEE /* UIImageView+Additions.swift */ = {isa = PBXFileReference; lastKnownFileType = sourcecode.swift; path = "UIImageView+Additions.swift"; sourceTree = "<group>"; };
		CA81A414244CF7CF0016A303 /* Alamofire.framework */ = {isa = PBXFileReference; lastKnownFileType = wrapper.framework; name = Alamofire.framework; path = Carthage/Build/iOS/Alamofire.framework; sourceTree = "<group>"; };
		CA81A418244CFC4B0016A303 /* AlamofireImage.framework */ = {isa = PBXFileReference; lastKnownFileType = wrapper.framework; name = AlamofireImage.framework; path = Carthage/Build/iOS/AlamofireImage.framework; sourceTree = "<group>"; };
		CA81A41C244CFF410016A303 /* AlamofireNetworkActivityLogger.framework */ = {isa = PBXFileReference; lastKnownFileType = wrapper.framework; name = AlamofireNetworkActivityLogger.framework; path = Carthage/Build/iOS/AlamofireNetworkActivityLogger.framework; sourceTree = "<group>"; };
		CA81A420244D02140016A303 /* ObjectMapper.framework */ = {isa = PBXFileReference; lastKnownFileType = wrapper.framework; name = ObjectMapper.framework; path = Carthage/Build/iOS/ObjectMapper.framework; sourceTree = "<group>"; };
		CA884C13244AD85A0004C1E3 /* MovieViewController.swift */ = {isa = PBXFileReference; lastKnownFileType = sourcecode.swift; path = MovieViewController.swift; sourceTree = "<group>"; };
		CA884C15244AD89D0004C1E3 /* Movie.storyboard */ = {isa = PBXFileReference; lastKnownFileType = file.storyboard; path = Movie.storyboard; sourceTree = "<group>"; };
		CA884C18244AD9B20004C1E3 /* TabBarController.swift */ = {isa = PBXFileReference; lastKnownFileType = sourcecode.swift; path = TabBarController.swift; sourceTree = "<group>"; };
		CA884C1C244AF1CB0004C1E3 /* MovieCoordinator.swift */ = {isa = PBXFileReference; lastKnownFileType = sourcecode.swift; path = MovieCoordinator.swift; sourceTree = "<group>"; };
		CA884C20244AF9A40004C1E3 /* ViewController.swift */ = {isa = PBXFileReference; lastKnownFileType = sourcecode.swift; path = ViewController.swift; sourceTree = "<group>"; };
		CA884C2B244B27120004C1E3 /* UIViewController+Additions.swift */ = {isa = PBXFileReference; lastKnownFileType = sourcecode.swift; path = "UIViewController+Additions.swift"; sourceTree = "<group>"; };
		CA88A6302466E50F00D6382A /* MovieSectionHeaderView.xib */ = {isa = PBXFileReference; lastKnownFileType = file.xib; path = MovieSectionHeaderView.xib; sourceTree = "<group>"; };
		CA98BC0E24516DA6007A4828 /* VisualContent.swift */ = {isa = PBXFileReference; lastKnownFileType = sourcecode.swift; path = VisualContent.swift; sourceTree = "<group>"; };
		CA98BC11245171BA007A4828 /* URL+Additions.swift */ = {isa = PBXFileReference; lastKnownFileType = sourcecode.swift; path = "URL+Additions.swift"; sourceTree = "<group>"; };
		CA9D560D244A47B10055D942 /* UIStoryboard+Additions.swift */ = {isa = PBXFileReference; lastKnownFileType = sourcecode.swift; path = "UIStoryboard+Additions.swift"; sourceTree = "<group>"; };
		CA9D5612244A49EE0055D942 /* Coordinator.swift */ = {isa = PBXFileReference; lastKnownFileType = sourcecode.swift; path = Coordinator.swift; sourceTree = "<group>"; };
		CA9D5614244A4A8F0055D942 /* ApplicationCoordinator.swift */ = {isa = PBXFileReference; lastKnownFileType = sourcecode.swift; path = ApplicationCoordinator.swift; sourceTree = "<group>"; };
		CAA05BC3245D134E00AE0984 /* UIColor+Additions.swift */ = {isa = PBXFileReference; lastKnownFileType = sourcecode.swift; path = "UIColor+Additions.swift"; sourceTree = "<group>"; };
		CAA29F26245ED9C400BF5249 /* MovieItemDisplay.swift */ = {isa = PBXFileReference; lastKnownFileType = sourcecode.swift; path = MovieItemDisplay.swift; sourceTree = "<group>"; };
		CAA29F28245EE0A000BF5249 /* Movie+Language.swift */ = {isa = PBXFileReference; lastKnownFileType = sourcecode.swift; path = "Movie+Language.swift"; sourceTree = "<group>"; };
		CAA29F2A245EE13B00BF5249 /* Movie+ProductionCountry.swift */ = {isa = PBXFileReference; lastKnownFileType = sourcecode.swift; path = "Movie+ProductionCountry.swift"; sourceTree = "<group>"; };
		CAA29F2C245EE16D00BF5249 /* Movie+ProductionCompany.swift */ = {isa = PBXFileReference; lastKnownFileType = sourcecode.swift; path = "Movie+ProductionCompany.swift"; sourceTree = "<group>"; };
		CAA29F2E245EE1A400BF5249 /* Movie+Genre.swift */ = {isa = PBXFileReference; lastKnownFileType = sourcecode.swift; path = "Movie+Genre.swift"; sourceTree = "<group>"; };
		CAA29F30245EE22100BF5249 /* Movie+Status.swift */ = {isa = PBXFileReference; lastKnownFileType = sourcecode.swift; path = "Movie+Status.swift"; sourceTree = "<group>"; };
		CAA29F33245EE84000BF5249 /* ObjectMapper+Additions.swift */ = {isa = PBXFileReference; lastKnownFileType = sourcecode.swift; path = "ObjectMapper+Additions.swift"; sourceTree = "<group>"; };
		CAA99FCC245CFA3F003C288E /* Cosmos.framework */ = {isa = PBXFileReference; lastKnownFileType = wrapper.framework; name = Cosmos.framework; path = Carthage/Build/iOS/Cosmos.framework; sourceTree = "<group>"; };
		CAA99FD0245D0095003C288E /* Double+Additions.swift */ = {isa = PBXFileReference; lastKnownFileType = sourcecode.swift; path = "Double+Additions.swift"; sourceTree = "<group>"; };
		CAAA37D42448DA4D00A8170A /* Movist.app */ = {isa = PBXFileReference; explicitFileType = wrapper.application; includeInIndex = 0; path = Movist.app; sourceTree = BUILT_PRODUCTS_DIR; };
		CAAA37D72448DA4D00A8170A /* AppDelegate.swift */ = {isa = PBXFileReference; lastKnownFileType = sourcecode.swift; path = AppDelegate.swift; sourceTree = "<group>"; };
		CAAA37E02448DA4E00A8170A /* Assets.xcassets */ = {isa = PBXFileReference; lastKnownFileType = folder.assetcatalog; path = Assets.xcassets; sourceTree = "<group>"; };
		CAAA37E32448DA4E00A8170A /* Base */ = {isa = PBXFileReference; lastKnownFileType = file.storyboard; name = Base; path = Base.lproj/LaunchScreen.storyboard; sourceTree = "<group>"; };
		CAAA37E52448DA4E00A8170A /* Info.plist */ = {isa = PBXFileReference; lastKnownFileType = text.plist.xml; path = Info.plist; sourceTree = "<group>"; };
		CAAA37F02448DFD300A8170A /* String+Additions.swift */ = {isa = PBXFileReference; lastKnownFileType = sourcecode.swift; path = "String+Additions.swift"; sourceTree = "<group>"; };
		CAAA37F22448E01C00A8170A /* Int+Additions.swift */ = {isa = PBXFileReference; lastKnownFileType = sourcecode.swift; path = "Int+Additions.swift"; sourceTree = "<group>"; };
		CAAA37F42448E06900A8170A /* Array+Additions.swift */ = {isa = PBXFileReference; lastKnownFileType = sourcecode.swift; path = "Array+Additions.swift"; sourceTree = "<group>"; };
		CAAA37F62448E16100A8170A /* Bundle+Additions.swift */ = {isa = PBXFileReference; lastKnownFileType = sourcecode.swift; path = "Bundle+Additions.swift"; sourceTree = "<group>"; };
		CAAA37FE2448E38500A8170A /* Bool+Additions.swift */ = {isa = PBXFileReference; lastKnownFileType = sourcecode.swift; path = "Bool+Additions.swift"; sourceTree = "<group>"; };
		CAAA38002448E3D400A8170A /* Any+Additions.swift */ = {isa = PBXFileReference; lastKnownFileType = sourcecode.swift; path = "Any+Additions.swift"; sourceTree = "<group>"; };
		CAAA38062448EFA400A8170A /* UIResponder+Additions.swift */ = {isa = PBXFileReference; lastKnownFileType = sourcecode.swift; path = "UIResponder+Additions.swift"; sourceTree = "<group>"; };
		CAAA38092448F08300A8170A /* UITableView+Additions.swift */ = {isa = PBXFileReference; lastKnownFileType = sourcecode.swift; path = "UITableView+Additions.swift"; sourceTree = "<group>"; };
		CABED3C5245E2F260033D776 /* UIView+Additions.swift */ = {isa = PBXFileReference; lastKnownFileType = sourcecode.swift; path = "UIView+Additions.swift"; sourceTree = "<group>"; };
		CABFA82C2458D04D0044784C /* RestAPI.swift */ = {isa = PBXFileReference; lastKnownFileType = sourcecode.swift; path = RestAPI.swift; sourceTree = "<group>"; };
		CABFA82E2458D6C30044784C /* Weather.json */ = {isa = PBXFileReference; lastKnownFileType = text.json; path = Weather.json; sourceTree = "<group>"; };
		CABFA8312458DC580044784C /* Movie_Popular.json */ = {isa = PBXFileReference; lastKnownFileType = text.json; path = Movie_Popular.json; sourceTree = "<group>"; };
		CABFA8352458DE7B0044784C /* TheMovieDB_TimeZones.json */ = {isa = PBXFileReference; fileEncoding = 4; lastKnownFileType = text.json; path = TheMovieDB_TimeZones.json; sourceTree = "<group>"; };
		CABFA8362458DE7B0044784C /* TheMovieDB_Certificates.json */ = {isa = PBXFileReference; fileEncoding = 4; lastKnownFileType = text.json; path = TheMovieDB_Certificates.json; sourceTree = "<group>"; };
		CABFA8372458DE7B0044784C /* TheMovieDB_Countries.json */ = {isa = PBXFileReference; fileEncoding = 4; lastKnownFileType = text.json; path = TheMovieDB_Countries.json; sourceTree = "<group>"; };
		CABFA8382458DE7B0044784C /* TheMovieDB_Languages.json */ = {isa = PBXFileReference; fileEncoding = 4; lastKnownFileType = text.json; path = TheMovieDB_Languages.json; sourceTree = "<group>"; };
		CABFA8392458DE7C0044784C /* TheMovieDB_Tranlations.json */ = {isa = PBXFileReference; fileEncoding = 4; lastKnownFileType = text.json; path = TheMovieDB_Tranlations.json; sourceTree = "<group>"; };
		CABFA83A2458DE7C0044784C /* TheMovieDB_Jobs.json */ = {isa = PBXFileReference; fileEncoding = 4; lastKnownFileType = text.json; path = TheMovieDB_Jobs.json; sourceTree = "<group>"; };
		CABFA83B2458DE7C0044784C /* TheMovieDB_Certificates_TV.json */ = {isa = PBXFileReference; fileEncoding = 4; lastKnownFileType = text.json; path = TheMovieDB_Certificates_TV.json; sourceTree = "<group>"; };
		CABFA8432458E2580044784C /* Movie_Detail.json */ = {isa = PBXFileReference; lastKnownFileType = text.json; path = Movie_Detail.json; sourceTree = "<group>"; };
		CABFA8462458E2E20044784C /* Movie.swift */ = {isa = PBXFileReference; lastKnownFileType = sourcecode.swift; path = Movie.swift; sourceTree = "<group>"; };
		CAC11215244FA28F00B5E8AE /* NibLoadable.swift */ = {isa = PBXFileReference; lastKnownFileType = sourcecode.swift; path = NibLoadable.swift; sourceTree = "<group>"; };
		CAC11218244FA65800B5E8AE /* EmptyStateView.swift */ = {isa = PBXFileReference; lastKnownFileType = sourcecode.swift; path = EmptyStateView.swift; sourceTree = "<group>"; };
		CAC1121A244FA70F00B5E8AE /* EmptyStateView.xib */ = {isa = PBXFileReference; lastKnownFileType = file.xib; path = EmptyStateView.xib; sourceTree = "<group>"; };
		CAD25A6A2460D3F4009BA080 /* MovieViewModel.swift */ = {isa = PBXFileReference; lastKnownFileType = sourcecode.swift; path = MovieViewModel.swift; sourceTree = "<group>"; };
		CAD3081C2455E0B700317EBD /* AlamofireObjectMapper.framework */ = {isa = PBXFileReference; lastKnownFileType = wrapper.framework; name = AlamofireObjectMapper.framework; path = Carthage/Build/iOS/AlamofireObjectMapper.framework; sourceTree = "<group>"; };
		CADD09712466DD8100651E18 /* MovieSectionHeaderView.swift */ = {isa = PBXFileReference; lastKnownFileType = sourcecode.swift; path = MovieSectionHeaderView.swift; sourceTree = "<group>"; };
		CAEB5E602458ED5E001E7EFD /* testImage.jpg */ = {isa = PBXFileReference; lastKnownFileType = image.jpeg; path = testImage.jpg; sourceTree = "<group>"; };
		CAEB5E622458EE9C001E7EFD /* Movie_TopRated.json */ = {isa = PBXFileReference; lastKnownFileType = text.json; path = Movie_TopRated.json; sourceTree = "<group>"; };
		CAEB5E642458EF12001E7EFD /* Movie_UpComing.json */ = {isa = PBXFileReference; lastKnownFileType = text.json; path = Movie_UpComing.json; sourceTree = "<group>"; };
		CAEB5E662458EF54001E7EFD /* Movie_NowPlaying.json */ = {isa = PBXFileReference; lastKnownFileType = text.json; path = Movie_NowPlaying.json; sourceTree = "<group>"; };
		CAF306A7245F514100378716 /* Popular.swift */ = {isa = PBXFileReference; lastKnownFileType = sourcecode.swift; path = Popular.swift; sourceTree = "<group>"; };
		CAF35CF42466F77D00E47EEA /* TopRated.swift */ = {isa = PBXFileReference; lastKnownFileType = sourcecode.swift; path = TopRated.swift; sourceTree = "<group>"; };
		CAF35CF62466F78B00E47EEA /* UpComing.swift */ = {isa = PBXFileReference; lastKnownFileType = sourcecode.swift; path = UpComing.swift; sourceTree = "<group>"; };
		CAF964412460C4FB00471285 /* ConfigReader.swift */ = {isa = PBXFileReference; lastKnownFileType = sourcecode.swift; path = ConfigReader.swift; sourceTree = "<group>"; };
		CAF97A062451FE1000D762B8 /* UIView+EmptyState.swift */ = {isa = PBXFileReference; lastKnownFileType = sourcecode.swift; path = "UIView+EmptyState.swift"; sourceTree = "<group>"; };
		CAFC2C36245F66A6005AB758 /* MovieDisplay.swift */ = {isa = PBXFileReference; lastKnownFileType = sourcecode.swift; path = MovieDisplay.swift; sourceTree = "<group>"; };
/* End PBXFileReference section */

/* Begin PBXFrameworksBuildPhase section */
		CAAA37D12448DA4D00A8170A /* Frameworks */ = {
			isa = PBXFrameworksBuildPhase;
			buildActionMask = 2147483647;
			files = (
				CA81A415244CF7CF0016A303 /* Alamofire.framework in Frameworks */,
				CAD3081D2455E0B700317EBD /* AlamofireObjectMapper.framework in Frameworks */,
				CA81A419244CFC4B0016A303 /* AlamofireImage.framework in Frameworks */,
				CA26E997244F7282001D01C9 /* PromiseKit.framework in Frameworks */,
				CA81A421244D02140016A303 /* ObjectMapper.framework in Frameworks */,
				CA81A41D244CFF410016A303 /* AlamofireNetworkActivityLogger.framework in Frameworks */,
				CAA99FCD245CFA3F003C288E /* Cosmos.framework in Frameworks */,
			);
			runOnlyForDeploymentPostprocessing = 0;
		};
/* End PBXFrameworksBuildPhase section */

/* Begin PBXGroup section */
		CA097A2E245CCC1F00EB9889 /* MovieCollectionViewCell */ = {
			isa = PBXGroup;
			children = (
				CA097A2F245CCC4A00EB9889 /* MovieCollectionViewCell.swift */,
				CA097A30245CCC4A00EB9889 /* MovieCollectionViewCell.xib */,
			);
			path = MovieCollectionViewCell;
			sourceTree = "<group>";
		};
		CA097A33245CD66600EB9889 /* MovieView */ = {
			isa = PBXGroup;
			children = (
				CA097A36245CD74000EB9889 /* MovieView.swift */,
				CA097A34245CD67700EB9889 /* MovieView.xib */,
			);
			path = MovieView;
			sourceTree = "<group>";
		};
		CA0AEB81246617EB00E8A703 /* UIActivityIndicatorView */ = {
			isa = PBXGroup;
			children = (
				CA0AEB822466181300E8A703 /* UIActivityIndicatorView+Additions.swift */,
			);
			path = UIActivityIndicatorView;
			sourceTree = "<group>";
		};
		CA11932624490E8C00625FB5 /* UIButton */ = {
			isa = PBXGroup;
			children = (
				CA11932724490EA100625FB5 /* UIButton+Additions.swift */,
			);
			path = UIButton;
			sourceTree = "<group>";
		};
		CA1C9D3424621865003AEABA /* ConfigReader */ = {
			isa = PBXGroup;
			children = (
				CAF964412460C4FB00471285 /* ConfigReader.swift */,
			);
			path = ConfigReader;
			sourceTree = "<group>";
		};
		CA1C9D352462187A003AEABA /* Vibration */ = {
			isa = PBXGroup;
			children = (
				CA1C9D36246218A0003AEABA /* Vibration.swift */,
			);
			path = Vibration;
			sourceTree = "<group>";
		};
		CA1C9D3B2462242F003AEABA /* API */ = {
			isa = PBXGroup;
			children = (
				CA1C9D3C2462248A003AEABA /* MovieAPI.swift */,
			);
			path = API;
			sourceTree = "<group>";
		};
		CA37BF11245CC7FC0015D105 /* MovieTableViewCell */ = {
			isa = PBXGroup;
			children = (
				CA37BF0D245CC7C40015D105 /* MovieTableViewCell.swift */,
				CA37BF0E245CC7C40015D105 /* MovieTableViewCell.xib */,
			);
			path = MovieTableViewCell;
			sourceTree = "<group>";
		};
		CA37BF12245CC84D0015D105 /* MovieCollectionView */ = {
			isa = PBXGroup;
			children = (
				CA097A2C245CC90E00EB9889 /* MovieCollectionView.swift */,
				CA097A2A245CC8F200EB9889 /* MovieCollectionView.xib */,
			);
			path = MovieCollectionView;
			sourceTree = "<group>";
		};
		CA632989245A0BA200379198 /* UICollectionView */ = {
			isa = PBXGroup;
			children = (
				CA632987245A093300379198 /* UICollectionView+Additions.swift */,
			);
			path = UICollectionView;
			sourceTree = "<group>";
		};
		CA63298A245A0E3300379198 /* View */ = {
			isa = PBXGroup;
			children = (
				CADD09702466DD6A00651E18 /* SectionHeader */,
				CA37BF11245CC7FC0015D105 /* MovieTableViewCell */,
				CA37BF12245CC84D0015D105 /* MovieCollectionView */,
				CA097A2E245CCC1F00EB9889 /* MovieCollectionViewCell */,
				CA097A33245CD66600EB9889 /* MovieView */,
			);
			path = View;
			sourceTree = "<group>";
		};
		CA6357CF2454DDAB00EE26E2 /* VisualContent */ = {
			isa = PBXGroup;
			children = (
				CA98BC0E24516DA6007A4828 /* VisualContent.swift */,
			);
			path = VisualContent;
			sourceTree = "<group>";
		};
		CA64806C246C13E600D16917 /* RateStarView */ = {
			isa = PBXGroup;
			children = (
				CA64806D246C14EC00D16917 /* RateStarView.swift */,
				CA64806F246C1E5900D16917 /* RateStarView.xib */,
				CA648072246C2AD100D16917 /* RateStarDisplay.swift */,
			);
			path = RateStarView;
			sourceTree = "<group>";
		};
		CA648074246C399F00D16917 /* Cosmos */ = {
			isa = PBXGroup;
			children = (
				CA648075246C39B900D16917 /* Cosmos+Settings.swift */,
			);
			path = Cosmos;
			sourceTree = "<group>";
		};
		CA6C266C245E264E00B243EC /* Fonts */ = {
			isa = PBXGroup;
			children = (
				CA127ADF24684F890079C42F /* Bahij_TheSansArabic-Black.ttf */,
				CA127AE624684F8B0079C42F /* Bahij_TheSansArabic-Bold.ttf */,
				CA127AE324684F8A0079C42F /* Bahij_TheSansArabic-ExtraBold.ttf */,
				CA127AE124684F890079C42F /* Bahij_TheSansArabic-ExtraLight.ttf */,
				CA127AE024684F890079C42F /* Bahij_TheSansArabic-Light.ttf */,
				CA127AE224684F8A0079C42F /* Bahij_TheSansArabic-Plain.ttf */,
				CA127AE524684F8A0079C42F /* Bahij_TheSansArabic-SemiBold.ttf */,
				CA127AE424684F8A0079C42F /* Bahij_TheSansArabic-SemiLight.ttf */,
			);
			path = Fonts;
			sourceTree = "<group>";
		};
		CA7711CD2450F27800B25AEE /* UILabel */ = {
			isa = PBXGroup;
			children = (
				CA7711CE2450F29200B25AEE /* UILabel+Additions.swift */,
			);
			path = UILabel;
			sourceTree = "<group>";
		};
		CA7711D02450F3B100B25AEE /* UIImageView */ = {
			isa = PBXGroup;
			children = (
				CA7711D12450F3CB00B25AEE /* UIImageView+Additions.swift */,
			);
			path = UIImageView;
			sourceTree = "<group>";
		};
		CA81A413244CF7CF0016A303 /* Frameworks */ = {
			isa = PBXGroup;
			children = (
				CAA99FCC245CFA3F003C288E /* Cosmos.framework */,
				CAD3081C2455E0B700317EBD /* AlamofireObjectMapper.framework */,
				CA26E996244F7282001D01C9 /* PromiseKit.framework */,
				CA81A420244D02140016A303 /* ObjectMapper.framework */,
				CA81A41C244CFF410016A303 /* AlamofireNetworkActivityLogger.framework */,
				CA81A418244CFC4B0016A303 /* AlamofireImage.framework */,
				CA81A414244CF7CF0016A303 /* Alamofire.framework */,
			);
			name = Frameworks;
			sourceTree = "<group>";
		};
		CA884C12244AD8390004C1E3 /* Movie */ = {
			isa = PBXGroup;
			children = (
				CA884C22244AFD0E0004C1E3 /* Movie */,
				CA884C15244AD89D0004C1E3 /* Movie.storyboard */,
			);
			path = Movie;
			sourceTree = "<group>";
		};
		CA884C17244AD9940004C1E3 /* Controllers */ = {
			isa = PBXGroup;
			children = (
				CA9D5612244A49EE0055D942 /* Coordinator.swift */,
				CA884C18244AD9B20004C1E3 /* TabBarController.swift */,
				CA884C20244AF9A40004C1E3 /* ViewController.swift */,
			);
			path = Controllers;
			sourceTree = "<group>";
		};
		CA884C22244AFD0E0004C1E3 /* Movie */ = {
			isa = PBXGroup;
			children = (
				CA1C9D3B2462242F003AEABA /* API */,
				CAEB5E6A2458F99C001E7EFD /* Model */,
				CAEB5E6C24590A49001E7EFD /* UI */,
				CA884C1C244AF1CB0004C1E3 /* MovieCoordinator.swift */,
				CAD25A6A2460D3F4009BA080 /* MovieViewModel.swift */,
				CA884C13244AD85A0004C1E3 /* MovieViewController.swift */,
			);
			path = Movie;
			sourceTree = "<group>";
		};
		CA884C2A244B26FC0004C1E3 /* UIViewController */ = {
			isa = PBXGroup;
			children = (
				CA884C2B244B27120004C1E3 /* UIViewController+Additions.swift */,
			);
			path = UIViewController;
			sourceTree = "<group>";
		};
		CA98BC10245171A9007A4828 /* URL */ = {
			isa = PBXGroup;
			children = (
				CA98BC11245171BA007A4828 /* URL+Additions.swift */,
			);
			path = URL;
			sourceTree = "<group>";
		};
		CA9D560C244A47990055D942 /* UIStoryboard */ = {
			isa = PBXGroup;
			children = (
				CA9D560D244A47B10055D942 /* UIStoryboard+Additions.swift */,
			);
			path = UIStoryboard;
			sourceTree = "<group>";
		};
		CAA05BC1245D131100AE0984 /* Double */ = {
			isa = PBXGroup;
			children = (
				CAA99FD0245D0095003C288E /* Double+Additions.swift */,
			);
			path = Double;
			sourceTree = "<group>";
		};
		CAA05BC2245D133200AE0984 /* UIColor */ = {
			isa = PBXGroup;
			children = (
				CAA05BC3245D134E00AE0984 /* UIColor+Additions.swift */,
			);
			path = UIColor;
			sourceTree = "<group>";
		};
		CAA29F24245ED7ED00BF5249 /* Display */ = {
			isa = PBXGroup;
			children = (
				CAA29F26245ED9C400BF5249 /* MovieItemDisplay.swift */,
				CAFC2C36245F66A6005AB758 /* MovieDisplay.swift */,
				CA127ADB246848210079C42F /* MovieHeaderDisplay.swift */,
			);
			path = Display;
			sourceTree = "<group>";
		};
		CAA29F32245EE82B00BF5249 /* ObjectMapper */ = {
			isa = PBXGroup;
			children = (
				CAA29F33245EE84000BF5249 /* ObjectMapper+Additions.swift */,
			);
			path = ObjectMapper;
			sourceTree = "<group>";
		};
		CAAA37CB2448DA4D00A8170A = {
			isa = PBXGroup;
			children = (
				CAAA37D62448DA4D00A8170A /* Movist */,
				CAAA37D52448DA4D00A8170A /* Products */,
				CA81A413244CF7CF0016A303 /* Frameworks */,
			);
			sourceTree = "<group>";
		};
		CAAA37D52448DA4D00A8170A /* Products */ = {
			isa = PBXGroup;
			children = (
				CAAA37D42448DA4D00A8170A /* Movist.app */,
			);
			name = Products;
			sourceTree = "<group>";
		};
		CAAA37D62448DA4D00A8170A /* Movist */ = {
			isa = PBXGroup;
			children = (
				CAAA37EC2448DC6F00A8170A /* AppDelegate */,
				CABFA82B2458D01F0044784C /* API */,
				CAC11212244FA26000B5E8AE /* Common */,
				CAAA37EF2448DFB800A8170A /* Extensions */,
				CAAA37ED2448DC8100A8170A /* Scenes */,
				CAAA37EB2448DC4500A8170A /* Resources */,
			);
			path = Movist;
			sourceTree = "<group>";
		};
		CAAA37EB2448DC4500A8170A /* Resources */ = {
			isa = PBXGroup;
			children = (
				CA6C266C245E264E00B243EC /* Fonts */,
				CABFA8302458DC180044784C /* SampleJSON */,
				CAEB5E682458F927001E7EFD /* SampleImage */,
				CAAA37E02448DA4E00A8170A /* Assets.xcassets */,
				CAAA37E52448DA4E00A8170A /* Info.plist */,
			);
			path = Resources;
			sourceTree = "<group>";
		};
		CAAA37EC2448DC6F00A8170A /* AppDelegate */ = {
			isa = PBXGroup;
			children = (
				CAAA37D72448DA4D00A8170A /* AppDelegate.swift */,
				CA9D5614244A4A8F0055D942 /* ApplicationCoordinator.swift */,
			);
			path = AppDelegate;
			sourceTree = "<group>";
		};
		CAAA37ED2448DC8100A8170A /* Scenes */ = {
			isa = PBXGroup;
			children = (
				CA884C17244AD9940004C1E3 /* Controllers */,
				CA884C12244AD8390004C1E3 /* Movie */,
				CAAA37EE2448DCA400A8170A /* Splash */,
			);
			path = Scenes;
			sourceTree = "<group>";
		};
		CAAA37EE2448DCA400A8170A /* Splash */ = {
			isa = PBXGroup;
			children = (
				CAAA37E22448DA4E00A8170A /* LaunchScreen.storyboard */,
			);
			path = Splash;
			sourceTree = "<group>";
		};
		CAAA37EF2448DFB800A8170A /* Extensions */ = {
			isa = PBXGroup;
			children = (
				CAAA38002448E3D400A8170A /* Any+Additions.swift */,
				CA648074246C399F00D16917 /* Cosmos */,
				CAAA37F82448E28800A8170A /* Foundation */,
				CAA29F32245EE82B00BF5249 /* ObjectMapper */,
				CAAA38032448EEFA00A8170A /* UIKit */,
			);
			path = Extensions;
			sourceTree = "<group>";
		};
		CAAA37F82448E28800A8170A /* Foundation */ = {
			isa = PBXGroup;
			children = (
				CA98BC10245171A9007A4828 /* URL */,
				CAAA38022448E4B900A8170A /* Bool */,
				CAAA37FD2448E2DC00A8170A /* Bundle */,
				CAAA37FB2448E2C900A8170A /* Collection */,
				CAAA37FA2448E2A000A8170A /* Int */,
				CAAA37F92448E29A00A8170A /* String */,
				CAA05BC1245D131100AE0984 /* Double */,
			);
			path = Foundation;
			sourceTree = "<group>";
		};
		CAAA37F92448E29A00A8170A /* String */ = {
			isa = PBXGroup;
			children = (
				CAAA37F02448DFD300A8170A /* String+Additions.swift */,
			);
			path = String;
			sourceTree = "<group>";
		};
		CAAA37FA2448E2A000A8170A /* Int */ = {
			isa = PBXGroup;
			children = (
				CAAA37F22448E01C00A8170A /* Int+Additions.swift */,
			);
			path = Int;
			sourceTree = "<group>";
		};
		CAAA37FB2448E2C900A8170A /* Collection */ = {
			isa = PBXGroup;
			children = (
				CAAA37FC2448E2D100A8170A /* Array */,
				CA692E912466B16F00A0E3ED /* Collection+Additions.swift */,
			);
			path = Collection;
			sourceTree = "<group>";
		};
		CAAA37FC2448E2D100A8170A /* Array */ = {
			isa = PBXGroup;
			children = (
				CAAA37F42448E06900A8170A /* Array+Additions.swift */,
			);
			path = Array;
			sourceTree = "<group>";
		};
		CAAA37FD2448E2DC00A8170A /* Bundle */ = {
			isa = PBXGroup;
			children = (
				CAAA37F62448E16100A8170A /* Bundle+Additions.swift */,
			);
			path = Bundle;
			sourceTree = "<group>";
		};
		CAAA38022448E4B900A8170A /* Bool */ = {
			isa = PBXGroup;
			children = (
				CAAA37FE2448E38500A8170A /* Bool+Additions.swift */,
			);
			path = Bool;
			sourceTree = "<group>";
		};
		CAAA38032448EEFA00A8170A /* UIKit */ = {
			isa = PBXGroup;
			children = (
				CA0AEB81246617EB00E8A703 /* UIActivityIndicatorView */,
				CA11932624490E8C00625FB5 /* UIButton */,
				CA632989245A0BA200379198 /* UICollectionView */,
				CAA05BC2245D133200AE0984 /* UIColor */,
				CA7711D02450F3B100B25AEE /* UIImageView */,
				CA7711CD2450F27800B25AEE /* UILabel */,
				CA9D560C244A47990055D942 /* UIStoryboard */,
				CAAA38082448F05900A8170A /* UITableView */,
				CAAA38042448EF7700A8170A /* UIView */,
				CA884C2A244B26FC0004C1E3 /* UIViewController */,
			);
			path = UIKit;
			sourceTree = "<group>";
		};
		CAAA38042448EF7700A8170A /* UIView */ = {
			isa = PBXGroup;
			children = (
				CAAA38052448EF8400A8170A /* UIResponder */,
				CAF97A062451FE1000D762B8 /* UIView+EmptyState.swift */,
				CABED3C5245E2F260033D776 /* UIView+Additions.swift */,
				CA0AEB842466193E00E8A703 /* UIView+ActivityIndicator.swift */,
			);
			path = UIView;
			sourceTree = "<group>";
		};
		CAAA38052448EF8400A8170A /* UIResponder */ = {
			isa = PBXGroup;
			children = (
				CAAA38062448EFA400A8170A /* UIResponder+Additions.swift */,
			);
			path = UIResponder;
			sourceTree = "<group>";
		};
		CAAA38082448F05900A8170A /* UITableView */ = {
			isa = PBXGroup;
			children = (
				CAAA38092448F08300A8170A /* UITableView+Additions.swift */,
			);
			path = UITableView;
			sourceTree = "<group>";
		};
		CABFA82B2458D01F0044784C /* API */ = {
			isa = PBXGroup;
			children = (
				CABFA82C2458D04D0044784C /* RestAPI.swift */,
				CA22AB5D246A021F00EF11D4 /* API+Configuration.swift */,
			);
			path = API;
			sourceTree = "<group>";
		};
		CABFA8302458DC180044784C /* SampleJSON */ = {
			isa = PBXGroup;
			children = (
				CABFA83B2458DE7C0044784C /* TheMovieDB_Certificates_TV.json */,
				CABFA8362458DE7B0044784C /* TheMovieDB_Certificates.json */,
				CABFA8372458DE7B0044784C /* TheMovieDB_Countries.json */,
				CABFA83A2458DE7C0044784C /* TheMovieDB_Jobs.json */,
				CABFA8382458DE7B0044784C /* TheMovieDB_Languages.json */,
				CABFA8352458DE7B0044784C /* TheMovieDB_TimeZones.json */,
				CABFA8392458DE7C0044784C /* TheMovieDB_Tranlations.json */,
				CABFA82E2458D6C30044784C /* Weather.json */,
				CABFA8312458DC580044784C /* Movie_Popular.json */,
				CAEB5E622458EE9C001E7EFD /* Movie_TopRated.json */,
				CABFA8432458E2580044784C /* Movie_Detail.json */,
				CAEB5E642458EF12001E7EFD /* Movie_UpComing.json */,
				CAEB5E662458EF54001E7EFD /* Movie_NowPlaying.json */,
			);
			path = SampleJSON;
			sourceTree = "<group>";
		};
		CAC11212244FA26000B5E8AE /* Common */ = {
			isa = PBXGroup;
			children = (
				CA1C9D3424621865003AEABA /* ConfigReader */,
				CAC11213244FA26900B5E8AE /* UI */,
				CA1C9D352462187A003AEABA /* Vibration */,
			);
			path = Common;
			sourceTree = "<group>";
		};
		CAC11213244FA26900B5E8AE /* UI */ = {
			isa = PBXGroup;
			children = (
				CAC11217244FA62300B5E8AE /* EmptyState */,
				CAC11214244FA26E00B5E8AE /* NibLoadable */,
				CA64806C246C13E600D16917 /* RateStarView */,
				CA6357CF2454DDAB00EE26E2 /* VisualContent */,
			);
			path = UI;
			sourceTree = "<group>";
		};
		CAC11214244FA26E00B5E8AE /* NibLoadable */ = {
			isa = PBXGroup;
			children = (
				CAC11215244FA28F00B5E8AE /* NibLoadable.swift */,
			);
			path = NibLoadable;
			sourceTree = "<group>";
		};
		CAC11217244FA62300B5E8AE /* EmptyState */ = {
			isa = PBXGroup;
			children = (
				CAC11218244FA65800B5E8AE /* EmptyStateView.swift */,
				CAC1121A244FA70F00B5E8AE /* EmptyStateView.xib */,
			);
			path = EmptyState;
			sourceTree = "<group>";
		};
		CADD09702466DD6A00651E18 /* SectionHeader */ = {
			isa = PBXGroup;
			children = (
				CADD09712466DD8100651E18 /* MovieSectionHeaderView.swift */,
				CA88A6302466E50F00D6382A /* MovieSectionHeaderView.xib */,
			);
			path = SectionHeader;
			sourceTree = "<group>";
		};
		CAEB5E682458F927001E7EFD /* SampleImage */ = {
			isa = PBXGroup;
			children = (
				CAEB5E602458ED5E001E7EFD /* testImage.jpg */,
			);
			path = SampleImage;
			sourceTree = "<group>";
		};
		CAEB5E6A2458F99C001E7EFD /* Model */ = {
			isa = PBXGroup;
			children = (
				CAF306A7245F514100378716 /* Popular.swift */,
				CAF35CF42466F77D00E47EEA /* TopRated.swift */,
				CAF35CF62466F78B00E47EEA /* UpComing.swift */,
				CAF306A6245F510E00378716 /* Movie */,
			);
			path = Model;
			sourceTree = "<group>";
		};
		CAEB5E6C24590A49001E7EFD /* UI */ = {
			isa = PBXGroup;
			children = (
				CAA29F24245ED7ED00BF5249 /* Display */,
				CA63298A245A0E3300379198 /* View */,
			);
			path = UI;
			sourceTree = "<group>";
		};
		CAF306A6245F510E00378716 /* Movie */ = {
			isa = PBXGroup;
			children = (
				CABFA8462458E2E20044784C /* Movie.swift */,
				CAA29F2E245EE1A400BF5249 /* Movie+Genre.swift */,
				CAA29F28245EE0A000BF5249 /* Movie+Language.swift */,
				CAA29F2C245EE16D00BF5249 /* Movie+ProductionCompany.swift */,
				CAA29F2A245EE13B00BF5249 /* Movie+ProductionCountry.swift */,
				CAA29F30245EE22100BF5249 /* Movie+Status.swift */,
			);
			path = Movie;
			sourceTree = "<group>";
		};
/* End PBXGroup section */

/* Begin PBXNativeTarget section */
		CAAA37D32448DA4D00A8170A /* Movist */ = {
			isa = PBXNativeTarget;
			buildConfigurationList = CAAA37E82448DA4E00A8170A /* Build configuration list for PBXNativeTarget "Movist" */;
			buildPhases = (
				CAAA37D02448DA4D00A8170A /* Sources */,
				CAAA37D12448DA4D00A8170A /* Frameworks */,
				CAAA37D22448DA4D00A8170A /* Resources */,
				CA81A412244CF7490016A303 /* Carthage */,
				CAF44E8E2460548D00D2348C /* Warning */,
			);
			buildRules = (
			);
			dependencies = (
			);
			name = Movist;
			productName = Movist;
			productReference = CAAA37D42448DA4D00A8170A /* Movist.app */;
			productType = "com.apple.product-type.application";
		};
/* End PBXNativeTarget section */

/* Begin PBXProject section */
		CAAA37CC2448DA4D00A8170A /* Project object */ = {
			isa = PBXProject;
			attributes = {
				LastSwiftUpdateCheck = 1140;
				LastUpgradeCheck = 1140;
				ORGANIZATIONNAME = "Koray Yildiz";
				TargetAttributes = {
					CAAA37D32448DA4D00A8170A = {
						CreatedOnToolsVersion = 11.4;
					};
				};
			};
			buildConfigurationList = CAAA37CF2448DA4D00A8170A /* Build configuration list for PBXProject "Movist" */;
			compatibilityVersion = "Xcode 9.3";
			developmentRegion = en;
			hasScannedForEncodings = 0;
			knownRegions = (
				en,
				Base,
			);
			mainGroup = CAAA37CB2448DA4D00A8170A;
			productRefGroup = CAAA37D52448DA4D00A8170A /* Products */;
			projectDirPath = "";
			projectRoot = "";
			targets = (
				CAAA37D32448DA4D00A8170A /* Movist */,
			);
		};
/* End PBXProject section */

/* Begin PBXResourcesBuildPhase section */
		CAAA37D22448DA4D00A8170A /* Resources */ = {
			isa = PBXResourcesBuildPhase;
			buildActionMask = 2147483647;
			files = (
				CA127AEB24684F8B0079C42F /* Bahij_TheSansArabic-ExtraBold.ttf in Resources */,
				CAEB5E672458EF54001E7EFD /* Movie_NowPlaying.json in Resources */,
				CA648070246C1E5900D16917 /* RateStarView.xib in Resources */,
				CA097A35245CD67700EB9889 /* MovieView.xib in Resources */,
				CABFA83F2458DE7C0044784C /* TheMovieDB_Languages.json in Resources */,
				CA127AED24684F8B0079C42F /* Bahij_TheSansArabic-SemiBold.ttf in Resources */,
				CA127AE824684F8B0079C42F /* Bahij_TheSansArabic-Light.ttf in Resources */,
				CABFA8402458DE7C0044784C /* TheMovieDB_Tranlations.json in Resources */,
				CABFA83D2458DE7C0044784C /* TheMovieDB_Certificates.json in Resources */,
				CABFA83E2458DE7C0044784C /* TheMovieDB_Countries.json in Resources */,
				CA37BF10245CC7C40015D105 /* MovieTableViewCell.xib in Resources */,
				CABFA8412458DE7C0044784C /* TheMovieDB_Jobs.json in Resources */,
				CA127AE724684F8B0079C42F /* Bahij_TheSansArabic-Black.ttf in Resources */,
				CAAA37E42448DA4E00A8170A /* LaunchScreen.storyboard in Resources */,
				CABFA8322458DC580044784C /* Movie_Popular.json in Resources */,
				CA884C16244AD89D0004C1E3 /* Movie.storyboard in Resources */,
				CA88A6312466E50F00D6382A /* MovieSectionHeaderView.xib in Resources */,
				CA127AEE24684F8B0079C42F /* Bahij_TheSansArabic-Bold.ttf in Resources */,
				CA127AE924684F8B0079C42F /* Bahij_TheSansArabic-ExtraLight.ttf in Resources */,
				CA127AEC24684F8B0079C42F /* Bahij_TheSansArabic-SemiLight.ttf in Resources */,
				CA127AEA24684F8B0079C42F /* Bahij_TheSansArabic-Plain.ttf in Resources */,
				CAC1121B244FA70F00B5E8AE /* EmptyStateView.xib in Resources */,
				CAEB5E652458EF12001E7EFD /* Movie_UpComing.json in Resources */,
				CAEB5E612458ED5E001E7EFD /* testImage.jpg in Resources */,
				CABFA8422458DE7C0044784C /* TheMovieDB_Certificates_TV.json in Resources */,
				CAAA37E12448DA4E00A8170A /* Assets.xcassets in Resources */,
				CABFA82F2458D6C30044784C /* Weather.json in Resources */,
				CAEB5E632458EE9C001E7EFD /* Movie_TopRated.json in Resources */,
				CABFA83C2458DE7C0044784C /* TheMovieDB_TimeZones.json in Resources */,
				CABFA8442458E2580044784C /* Movie_Detail.json in Resources */,
				CA097A2B245CC8F200EB9889 /* MovieCollectionView.xib in Resources */,
				CA097A32245CCC4A00EB9889 /* MovieCollectionViewCell.xib in Resources */,
			);
			runOnlyForDeploymentPostprocessing = 0;
		};
/* End PBXResourcesBuildPhase section */

/* Begin PBXShellScriptBuildPhase section */
		CA81A412244CF7490016A303 /* Carthage */ = {
			isa = PBXShellScriptBuildPhase;
			buildActionMask = 2147483647;
			files = (
			);
			inputFileListPaths = (
			);
			inputPaths = (
				"$(SRCROOT)/Carthage/Build/iOS/Alamofire.framework",
				"$(SRCROOT)/Carthage/Build/iOS/AlamofireImage.framework",
				"$(SRCROOT)/Carthage/Build/iOS/AlamofireNetworkActivityLogger.framework",
				"$(SRCROOT)/Carthage/Build/iOS/ObjectMapper.framework",
				"$(SRCROOT)/Carthage/Build/iOS/PromiseKit.framework",
				"$(SRCROOT)/Carthage/Build/iOS/AlamofireObjectMapper.framework",
				"$(SRCROOT)/Carthage/Build/iOS/Cosmos.framework",
			);
			name = Carthage;
			outputFileListPaths = (
			);
			outputPaths = (
				"$(BUILT_PRODUCTS_DIR)/$(FRAMEWORKS_FOLDER_PATH)/Alamofire.framework",
				"$(BUILT_PRODUCTS_DIR)/$(FRAMEWORKS_FOLDER_PATH)/AlamofireImage.framework",
				"$(BUILT_PRODUCTS_DIR)/$(FRAMEWORKS_FOLDER_PATH)/AlamofireNetworkActivityLogger.framework",
				"$(BUILT_PRODUCTS_DIR)/$(FRAMEWORKS_FOLDER_PATH)/ObjectMapper.framework",
				"$(BUILT_PRODUCTS_DIR)/$(FRAMEWORKS_FOLDER_PATH)/PromiseKit.framework",
				"$(BUILT_PRODUCTS_DIR)/$(FRAMEWORKS_FOLDER_PATH)/AlamofireObjectMapper.framework",
				"$(BUILT_PRODUCTS_DIR)/$(FRAMEWORKS_FOLDER_PATH)/Cosmos.framework",
			);
			runOnlyForDeploymentPostprocessing = 0;
			shellPath = /bin/sh;
			shellScript = "# Type a script or drag a script file from your workspace to insert its path.\n/usr/local/bin/carthage copy-frameworks\n";
		};
		CAF44E8E2460548D00D2348C /* Warning */ = {
			isa = PBXShellScriptBuildPhase;
			buildActionMask = 2147483647;
			files = (
			);
			inputFileListPaths = (
			);
			inputPaths = (
			);
			name = Warning;
			outputFileListPaths = (
			);
			outputPaths = (
			);
			runOnlyForDeploymentPostprocessing = 0;
			shellPath = /bin/sh;
			shellScript = "TAGS=\"TODO: -\"\nERRORTAG=\"ERROR:\"\nfind \"${SRCROOT}\" \\( -name \"*.h\" -or -name \"*.m\" -or -name \"*.swift\" \\) -print0 | xargs -0 egrep --with-filename --line-number --only-matching \"($TAGS).*\\$|($ERRORTAG).*\\$\" | perl -p -e \"s/($TAGS)/ warning: \\$1/\" | perl -p -e \"s/($ERRORTAG)/ error: \\$1/\"\n\n";
		};
/* End PBXShellScriptBuildPhase section */

/* Begin PBXSourcesBuildPhase section */
		CAAA37D02448DA4D00A8170A /* Sources */ = {
			isa = PBXSourcesBuildPhase;
			buildActionMask = 2147483647;
			files = (
				CADD09722466DD8100651E18 /* MovieSectionHeaderView.swift in Sources */,
				CA127ADC246848210079C42F /* MovieHeaderDisplay.swift in Sources */,
				CAA29F2B245EE13B00BF5249 /* Movie+ProductionCountry.swift in Sources */,
				CAAA38012448E3D400A8170A /* Any+Additions.swift in Sources */,
				CA648073246C2AD100D16917 /* RateStarDisplay.swift in Sources */,
				CA884C21244AF9A40004C1E3 /* ViewController.swift in Sources */,
				CA0AEB852466193E00E8A703 /* UIView+ActivityIndicator.swift in Sources */,
				CA884C19244AD9B20004C1E3 /* TabBarController.swift in Sources */,
				CA1C9D37246218A0003AEABA /* Vibration.swift in Sources */,
				CAA05BC4245D134E00AE0984 /* UIColor+Additions.swift in Sources */,
				CA98BC0F24516DA6007A4828 /* VisualContent.swift in Sources */,
				CAF306A8245F514100378716 /* Popular.swift in Sources */,
				CABFA82D2458D04D0044784C /* RestAPI.swift in Sources */,
				CAAA37F52448E06900A8170A /* Array+Additions.swift in Sources */,
				CAAA38072448EFA400A8170A /* UIResponder+Additions.swift in Sources */,
				CA692E922466B16F00A0E3ED /* Collection+Additions.swift in Sources */,
				CAFC2C37245F66A6005AB758 /* MovieDisplay.swift in Sources */,
				CAC11216244FA28F00B5E8AE /* NibLoadable.swift in Sources */,
				CAAA37F72448E16100A8170A /* Bundle+Additions.swift in Sources */,
				CAF35CF52466F77D00E47EEA /* TopRated.swift in Sources */,
				CA9D5615244A4A8F0055D942 /* ApplicationCoordinator.swift in Sources */,
				CA097A37245CD74000EB9889 /* MovieView.swift in Sources */,
				CA884C2C244B27120004C1E3 /* UIViewController+Additions.swift in Sources */,
				CA9D5613244A49EE0055D942 /* Coordinator.swift in Sources */,
				CA11932824490EA100625FB5 /* UIButton+Additions.swift in Sources */,
				CAD25A6B2460D3F4009BA080 /* MovieViewModel.swift in Sources */,
				CA632988245A093300379198 /* UICollectionView+Additions.swift in Sources */,
				CAA29F27245ED9C400BF5249 /* MovieItemDisplay.swift in Sources */,
				CAA29F34245EE84000BF5249 /* ObjectMapper+Additions.swift in Sources */,
				CA7711D22450F3CB00B25AEE /* UIImageView+Additions.swift in Sources */,
				CA7711CF2450F29200B25AEE /* UILabel+Additions.swift in Sources */,
				CAAA380A2448F08300A8170A /* UITableView+Additions.swift in Sources */,
				CA37BF0F245CC7C40015D105 /* MovieTableViewCell.swift in Sources */,
				CAF964422460C4FB00471285 /* ConfigReader.swift in Sources */,
				CA64806E246C14EC00D16917 /* RateStarView.swift in Sources */,
				CABFA8472458E2E20044784C /* Movie.swift in Sources */,
				CABED3C6245E2F260033D776 /* UIView+Additions.swift in Sources */,
				CAA29F2F245EE1A400BF5249 /* Movie+Genre.swift in Sources */,
				CA98BC12245171BA007A4828 /* URL+Additions.swift in Sources */,
				CA0AEB832466181300E8A703 /* UIActivityIndicatorView+Additions.swift in Sources */,
				CAF35CF72466F78B00E47EEA /* UpComing.swift in Sources */,
				CA884C1D244AF1CB0004C1E3 /* MovieCoordinator.swift in Sources */,
				CAAA37FF2448E38500A8170A /* Bool+Additions.swift in Sources */,
				CAC11219244FA65800B5E8AE /* EmptyStateView.swift in Sources */,
				CA1C9D3D2462248A003AEABA /* MovieAPI.swift in Sources */,
				CA22AB5E246A021F00EF11D4 /* API+Configuration.swift in Sources */,
				CA9D560E244A47B10055D942 /* UIStoryboard+Additions.swift in Sources */,
				CA884C14244AD85A0004C1E3 /* MovieViewController.swift in Sources */,
				CAA29F2D245EE16D00BF5249 /* Movie+ProductionCompany.swift in Sources */,
				CAA29F29245EE0A000BF5249 /* Movie+Language.swift in Sources */,
				CAAA37D82448DA4D00A8170A /* AppDelegate.swift in Sources */,
				CAAA37F12448DFD300A8170A /* String+Additions.swift in Sources */,
				CAA29F31245EE22100BF5249 /* Movie+Status.swift in Sources */,
				CA097A2D245CC90E00EB9889 /* MovieCollectionView.swift in Sources */,
				CA648076246C39B900D16917 /* Cosmos+Settings.swift in Sources */,
				CA097A31245CCC4A00EB9889 /* MovieCollectionViewCell.swift in Sources */,
				CAAA37F32448E01C00A8170A /* Int+Additions.swift in Sources */,
				CAF97A072451FE1000D762B8 /* UIView+EmptyState.swift in Sources */,
				CAA99FD1245D0095003C288E /* Double+Additions.swift in Sources */,
			);
			runOnlyForDeploymentPostprocessing = 0;
		};
/* End PBXSourcesBuildPhase section */

/* Begin PBXVariantGroup section */
		CAAA37E22448DA4E00A8170A /* LaunchScreen.storyboard */ = {
			isa = PBXVariantGroup;
			children = (
				CAAA37E32448DA4E00A8170A /* Base */,
			);
			name = LaunchScreen.storyboard;
			sourceTree = "<group>";
		};
/* End PBXVariantGroup section */

/* Begin XCBuildConfiguration section */
		CAAA37E62448DA4E00A8170A /* Debug */ = {
			isa = XCBuildConfiguration;
			buildSettings = {
				ALWAYS_SEARCH_USER_PATHS = NO;
				CLANG_ANALYZER_NONNULL = YES;
				CLANG_ANALYZER_NUMBER_OBJECT_CONVERSION = YES_AGGRESSIVE;
				CLANG_CXX_LANGUAGE_STANDARD = "gnu++14";
				CLANG_CXX_LIBRARY = "libc++";
				CLANG_ENABLE_MODULES = YES;
				CLANG_ENABLE_OBJC_ARC = YES;
				CLANG_ENABLE_OBJC_WEAK = YES;
				CLANG_WARN_BLOCK_CAPTURE_AUTORELEASING = YES;
				CLANG_WARN_BOOL_CONVERSION = YES;
				CLANG_WARN_COMMA = YES;
				CLANG_WARN_CONSTANT_CONVERSION = YES;
				CLANG_WARN_DEPRECATED_OBJC_IMPLEMENTATIONS = YES;
				CLANG_WARN_DIRECT_OBJC_ISA_USAGE = YES_ERROR;
				CLANG_WARN_DOCUMENTATION_COMMENTS = YES;
				CLANG_WARN_EMPTY_BODY = YES;
				CLANG_WARN_ENUM_CONVERSION = YES;
				CLANG_WARN_INFINITE_RECURSION = YES;
				CLANG_WARN_INT_CONVERSION = YES;
				CLANG_WARN_NON_LITERAL_NULL_CONVERSION = YES;
				CLANG_WARN_OBJC_IMPLICIT_RETAIN_SELF = YES;
				CLANG_WARN_OBJC_LITERAL_CONVERSION = YES;
				CLANG_WARN_OBJC_ROOT_CLASS = YES_ERROR;
				CLANG_WARN_RANGE_LOOP_ANALYSIS = YES;
				CLANG_WARN_STRICT_PROTOTYPES = YES;
				CLANG_WARN_SUSPICIOUS_MOVE = YES;
				CLANG_WARN_UNGUARDED_AVAILABILITY = YES_AGGRESSIVE;
				CLANG_WARN_UNREACHABLE_CODE = YES;
				CLANG_WARN__DUPLICATE_METHOD_MATCH = YES;
				COPY_PHASE_STRIP = NO;
				DEBUG_INFORMATION_FORMAT = dwarf;
				ENABLE_STRICT_OBJC_MSGSEND = YES;
				ENABLE_TESTABILITY = YES;
				GCC_C_LANGUAGE_STANDARD = gnu11;
				GCC_DYNAMIC_NO_PIC = NO;
				GCC_NO_COMMON_BLOCKS = YES;
				GCC_OPTIMIZATION_LEVEL = 0;
				GCC_PREPROCESSOR_DEFINITIONS = (
					"DEBUG=1",
					"$(inherited)",
				);
				GCC_WARN_64_TO_32_BIT_CONVERSION = YES;
				GCC_WARN_ABOUT_RETURN_TYPE = YES_ERROR;
				GCC_WARN_UNDECLARED_SELECTOR = YES;
				GCC_WARN_UNINITIALIZED_AUTOS = YES_AGGRESSIVE;
				GCC_WARN_UNUSED_FUNCTION = YES;
				GCC_WARN_UNUSED_VARIABLE = YES;
				IPHONEOS_DEPLOYMENT_TARGET = 11.0;
				MTL_ENABLE_DEBUG_INFO = INCLUDE_SOURCE;
				MTL_FAST_MATH = YES;
				ONLY_ACTIVE_ARCH = YES;
				SDKROOT = iphoneos;
				SWIFT_ACTIVE_COMPILATION_CONDITIONS = DEBUG;
				SWIFT_OPTIMIZATION_LEVEL = "-Onone";
			};
			name = Debug;
		};
		CAAA37E72448DA4E00A8170A /* Release */ = {
			isa = XCBuildConfiguration;
			buildSettings = {
				ALWAYS_SEARCH_USER_PATHS = NO;
				CLANG_ANALYZER_NONNULL = YES;
				CLANG_ANALYZER_NUMBER_OBJECT_CONVERSION = YES_AGGRESSIVE;
				CLANG_CXX_LANGUAGE_STANDARD = "gnu++14";
				CLANG_CXX_LIBRARY = "libc++";
				CLANG_ENABLE_MODULES = YES;
				CLANG_ENABLE_OBJC_ARC = YES;
				CLANG_ENABLE_OBJC_WEAK = YES;
				CLANG_WARN_BLOCK_CAPTURE_AUTORELEASING = YES;
				CLANG_WARN_BOOL_CONVERSION = YES;
				CLANG_WARN_COMMA = YES;
				CLANG_WARN_CONSTANT_CONVERSION = YES;
				CLANG_WARN_DEPRECATED_OBJC_IMPLEMENTATIONS = YES;
				CLANG_WARN_DIRECT_OBJC_ISA_USAGE = YES_ERROR;
				CLANG_WARN_DOCUMENTATION_COMMENTS = YES;
				CLANG_WARN_EMPTY_BODY = YES;
				CLANG_WARN_ENUM_CONVERSION = YES;
				CLANG_WARN_INFINITE_RECURSION = YES;
				CLANG_WARN_INT_CONVERSION = YES;
				CLANG_WARN_NON_LITERAL_NULL_CONVERSION = YES;
				CLANG_WARN_OBJC_IMPLICIT_RETAIN_SELF = YES;
				CLANG_WARN_OBJC_LITERAL_CONVERSION = YES;
				CLANG_WARN_OBJC_ROOT_CLASS = YES_ERROR;
				CLANG_WARN_RANGE_LOOP_ANALYSIS = YES;
				CLANG_WARN_STRICT_PROTOTYPES = YES;
				CLANG_WARN_SUSPICIOUS_MOVE = YES;
				CLANG_WARN_UNGUARDED_AVAILABILITY = YES_AGGRESSIVE;
				CLANG_WARN_UNREACHABLE_CODE = YES;
				CLANG_WARN__DUPLICATE_METHOD_MATCH = YES;
				COPY_PHASE_STRIP = NO;
				DEBUG_INFORMATION_FORMAT = "dwarf-with-dsym";
				ENABLE_NS_ASSERTIONS = NO;
				ENABLE_STRICT_OBJC_MSGSEND = YES;
				GCC_C_LANGUAGE_STANDARD = gnu11;
				GCC_NO_COMMON_BLOCKS = YES;
				GCC_WARN_64_TO_32_BIT_CONVERSION = YES;
				GCC_WARN_ABOUT_RETURN_TYPE = YES_ERROR;
				GCC_WARN_UNDECLARED_SELECTOR = YES;
				GCC_WARN_UNINITIALIZED_AUTOS = YES_AGGRESSIVE;
				GCC_WARN_UNUSED_FUNCTION = YES;
				GCC_WARN_UNUSED_VARIABLE = YES;
				IPHONEOS_DEPLOYMENT_TARGET = 11.0;
				MTL_ENABLE_DEBUG_INFO = NO;
				MTL_FAST_MATH = YES;
				SDKROOT = iphoneos;
				SWIFT_COMPILATION_MODE = wholemodule;
				SWIFT_OPTIMIZATION_LEVEL = "-O";
				VALIDATE_PRODUCT = YES;
			};
			name = Release;
		};
		CAAA37E92448DA4E00A8170A /* Debug */ = {
			isa = XCBuildConfiguration;
			buildSettings = {
				ASSETCATALOG_COMPILER_APPICON_NAME = AppIcon;
				CODE_SIGN_STYLE = Automatic;
				DEVELOPMENT_TEAM = VALK7BP96F;
				FRAMEWORK_SEARCH_PATHS = (
					"$(inherited)",
					"$(PROJECT_DIR)/Carthage/Build/iOS",
				);
				INFOPLIST_FILE = Movist/Resources/Info.plist;
				LD_RUNPATH_SEARCH_PATHS = (
					"$(inherited)",
					"@executable_path/Frameworks",
				);
				PRODUCT_BUNDLE_IDENTIFIER = com.yildizkoray.Movist;
				PRODUCT_NAME = "$(TARGET_NAME)";
				SWIFT_VERSION = 5.0;
				TARGETED_DEVICE_FAMILY = "1,2";
				THE_MOVIE_DB_API_KEY = 2526d77d81bb50e7ae223a8f13db2a2f;
				THE_MOVIE_DB_API_READ_ACCESS_TOKEN = "eyJhbGciOiJIUzI1NiJ9.eyJhdWQiOiIyNTI2ZDc3ZDgxYmI1MGU3YWUyMjNhOGYxM2RiMmEyZiIsInN1YiI6IjVlOTg5ZmFjZDE0NDQzMDAxMjUxNmMwYSIsInNjb3BlcyI6WyJhcGlfcmVhZCJdLCJ2ZXJzaW9uIjoxfQ.XO8Q3-kcNvXpMssEcWPzdL51Zn64uURYWvmKH93_eNQ";
				THE_MOVIE_DB_API_URL = "http://api.themoviedb.org/3";
				THE_MOVIE_DB_IMAGE_URL = "https://image.tmdb.org/t/p/";
			};
			name = Debug;
		};
		CAAA37EA2448DA4E00A8170A /* Release */ = {
			isa = XCBuildConfiguration;
			buildSettings = {
				ASSETCATALOG_COMPILER_APPICON_NAME = AppIcon;
				CODE_SIGN_STYLE = Automatic;
				DEVELOPMENT_TEAM = VALK7BP96F;
				FRAMEWORK_SEARCH_PATHS = (
					"$(inherited)",
					"$(PROJECT_DIR)/Carthage/Build/iOS",
				);
				INFOPLIST_FILE = Movist/Resources/Info.plist;
				LD_RUNPATH_SEARCH_PATHS = (
					"$(inherited)",
					"@executable_path/Frameworks",
				);
				PRODUCT_BUNDLE_IDENTIFIER = com.yildizkoray.Movist;
				PRODUCT_NAME = "$(TARGET_NAME)";
				SWIFT_VERSION = 5.0;
				TARGETED_DEVICE_FAMILY = "1,2";
				THE_MOVIE_DB_API_KEY = 2526d77d81bb50e7ae223a8f13db2a2f;
				THE_MOVIE_DB_API_READ_ACCESS_TOKEN = "eyJhbGciOiJIUzI1NiJ9.eyJhdWQiOiIyNTI2ZDc3ZDgxYmI1MGU3YWUyMjNhOGYxM2RiMmEyZiIsInN1YiI6IjVlOTg5ZmFjZDE0NDQzMDAxMjUxNmMwYSIsInNjb3BlcyI6WyJhcGlfcmVhZCJdLCJ2ZXJzaW9uIjoxfQ.XO8Q3-kcNvXpMssEcWPzdL51Zn64uURYWvmKH93_eNQ";
				THE_MOVIE_DB_API_URL = "https://api.themoviedb.org/3";
				THE_MOVIE_DB_IMAGE_URL = "https://image.tmdb.org/t/p/";
			};
			name = Release;
		};
/* End XCBuildConfiguration section */

/* Begin XCConfigurationList section */
		CAAA37CF2448DA4D00A8170A /* Build configuration list for PBXProject "Movist" */ = {
			isa = XCConfigurationList;
			buildConfigurations = (
				CAAA37E62448DA4E00A8170A /* Debug */,
				CAAA37E72448DA4E00A8170A /* Release */,
			);
			defaultConfigurationIsVisible = 0;
			defaultConfigurationName = Release;
		};
		CAAA37E82448DA4E00A8170A /* Build configuration list for PBXNativeTarget "Movist" */ = {
			isa = XCConfigurationList;
			buildConfigurations = (
				CAAA37E92448DA4E00A8170A /* Debug */,
				CAAA37EA2448DA4E00A8170A /* Release */,
			);
			defaultConfigurationIsVisible = 0;
			defaultConfigurationName = Release;
		};
/* End XCConfigurationList section */
	};
	rootObject = CAAA37CC2448DA4D00A8170A /* Project object */;
}
