// !$*UTF8*$!
{
	archiveVersion = 1;
	classes = {
	};
	objectVersion = 50;
	objects = {

/* Begin PBXBuildFile section */
		CAAA37D82448DA4D00A8170A /* AppDelegate.swift in Sources */ = {isa = PBXBuildFile; fileRef = CAAA37D72448DA4D00A8170A /* AppDelegate.swift */; };
		CAAA37DA2448DA4D00A8170A /* SceneDelegate.swift in Sources */ = {isa = PBXBuildFile; fileRef = CAAA37D92448DA4D00A8170A /* SceneDelegate.swift */; };
		CAAA37DC2448DA4D00A8170A /* ViewController.swift in Sources */ = {isa = PBXBuildFile; fileRef = CAAA37DB2448DA4D00A8170A /* ViewController.swift */; };
		CAAA37DF2448DA4D00A8170A /* Main.storyboard in Resources */ = {isa = PBXBuildFile; fileRef = CAAA37DD2448DA4D00A8170A /* Main.storyboard */; };
		CAAA37E12448DA4E00A8170A /* Assets.xcassets in Resources */ = {isa = PBXBuildFile; fileRef = CAAA37E02448DA4E00A8170A /* Assets.xcassets */; };
		CAAA37E42448DA4E00A8170A /* LaunchScreen.storyboard in Resources */ = {isa = PBXBuildFile; fileRef = CAAA37E22448DA4E00A8170A /* LaunchScreen.storyboard */; };
/* End PBXBuildFile section */

/* Begin PBXFileReference section */
		CAAA37D42448DA4D00A8170A /* Movist.app */ = {isa = PBXFileReference; explicitFileType = wrapper.application; includeInIndex = 0; path = Movist.app; sourceTree = BUILT_PRODUCTS_DIR; };
		CAAA37D72448DA4D00A8170A /* AppDelegate.swift */ = {isa = PBXFileReference; lastKnownFileType = sourcecode.swift; path = AppDelegate.swift; sourceTree = "<group>"; };
		CAAA37D92448DA4D00A8170A /* SceneDelegate.swift */ = {isa = PBXFileReference; lastKnownFileType = sourcecode.swift; path = SceneDelegate.swift; sourceTree = "<group>"; };
		CAAA37DB2448DA4D00A8170A /* ViewController.swift */ = {isa = PBXFileReference; lastKnownFileType = sourcecode.swift; path = ViewController.swift; sourceTree = "<group>"; };
		CAAA37DE2448DA4D00A8170A /* Base */ = {isa = PBXFileReference; lastKnownFileType = file.storyboard; name = Base; path = Base.lproj/Main.storyboard; sourceTree = "<group>"; };
		CAAA37E02448DA4E00A8170A /* Assets.xcassets */ = {isa = PBXFileReference; lastKnownFileType = folder.assetcatalog; path = Assets.xcassets; sourceTree = "<group>"; };
		CAAA37E32448DA4E00A8170A /* Base */ = {isa = PBXFileReference; lastKnownFileType = file.storyboard; name = Base; path = Base.lproj/LaunchScreen.storyboard; sourceTree = "<group>"; };
		CAAA37E52448DA4E00A8170A /* Info.plist */ = {isa = PBXFileReference; lastKnownFileType = text.plist.xml; path = Info.plist; sourceTree = "<group>"; };
/* End PBXFileReference section */

/* Begin PBXFrameworksBuildPhase section */
		CAAA37D12448DA4D00A8170A /* Frameworks */ = {
			isa = PBXFrameworksBuildPhase;
			buildActionMask = 2147483647;
			files = (
			);
			runOnlyForDeploymentPostprocessing = 0;
		};
/* End PBXFrameworksBuildPhase section */

/* Begin PBXGroup section */
		CAAA37CB2448DA4D00A8170A = {
			isa = PBXGroup;
			children = (
				CAAA37D62448DA4D00A8170A /* Movist */,
				CAAA37D52448DA4D00A8170A /* Products */,
			);
			sourceTree = "<group>";
		};
		CAAA37D52448DA4D00A8170A /* Products */ = {
			isa = PBXGroup;
			children = (
				CAAA37D42448DA4D00A8170A /* Movist.app */,
			);
			name = Products;
			sourceTree = "<group>";
		};
		CAAA37D62448DA4D00A8170A /* Movist */ = {
			isa = PBXGroup;
			children = (
				CAAA37D72448DA4D00A8170A /* AppDelegate.swift */,
				CAAA37D92448DA4D00A8170A /* SceneDelegate.swift */,
				CAAA37DB2448DA4D00A8170A /* ViewController.swift */,
				CAAA37DD2448DA4D00A8170A /* Main.storyboard */,
				CAAA37E02448DA4E00A8170A /* Assets.xcassets */,
				CAAA37E22448DA4E00A8170A /* LaunchScreen.storyboard */,
				CAAA37E52448DA4E00A8170A /* Info.plist */,
			);
			path = Movist;
			sourceTree = "<group>";
		};
/* End PBXGroup section */

/* Begin PBXNativeTarget section */
		CAAA37D32448DA4D00A8170A /* Movist */ = {
			isa = PBXNativeTarget;
			buildConfigurationList = CAAA37E82448DA4E00A8170A /* Build configuration list for PBXNativeTarget "Movist" */;
			buildPhases = (
				CAAA37D02448DA4D00A8170A /* Sources */,
				CAAA37D12448DA4D00A8170A /* Frameworks */,
				CAAA37D22448DA4D00A8170A /* Resources */,
			);
			buildRules = (
			);
			dependencies = (
			);
			name = Movist;
			productName = Movist;
			productReference = CAAA37D42448DA4D00A8170A /* Movist.app */;
			productType = "com.apple.product-type.application";
		};
/* End PBXNativeTarget section */

/* Begin PBXProject section */
		CAAA37CC2448DA4D00A8170A /* Project object */ = {
			isa = PBXProject;
			attributes = {
				LastSwiftUpdateCheck = 1140;
				LastUpgradeCheck = 1140;
				ORGANIZATIONNAME = "Koray Yildiz";
				TargetAttributes = {
					CAAA37D32448DA4D00A8170A = {
						CreatedOnToolsVersion = 11.4;
					};
				};
			};
			buildConfigurationList = CAAA37CF2448DA4D00A8170A /* Build configuration list for PBXProject "Movist" */;
			compatibilityVersion = "Xcode 9.3";
			developmentRegion = en;
			hasScannedForEncodings = 0;
			knownRegions = (
				en,
				Base,
			);
			mainGroup = CAAA37CB2448DA4D00A8170A;
			productRefGroup = CAAA37D52448DA4D00A8170A /* Products */;
			projectDirPath = "";
			projectRoot = "";
			targets = (
				CAAA37D32448DA4D00A8170A /* Movist */,
			);
		};
/* End PBXProject section */

/* Begin PBXResourcesBuildPhase section */
		CAAA37D22448DA4D00A8170A /* Resources */ = {
			isa = PBXResourcesBuildPhase;
			buildActionMask = 2147483647;
			files = (
				CAAA37E42448DA4E00A8170A /* LaunchScreen.storyboard in Resources */,
				CAAA37E12448DA4E00A8170A /* Assets.xcassets in Resources */,
				CAAA37DF2448DA4D00A8170A /* Main.storyboard in Resources */,
			);
			runOnlyForDeploymentPostprocessing = 0;
		};
/* End PBXResourcesBuildPhase section */

/* Begin PBXSourcesBuildPhase section */
		CAAA37D02448DA4D00A8170A /* Sources */ = {
			isa = PBXSourcesBuildPhase;
			buildActionMask = 2147483647;
			files = (
				CAAA37DC2448DA4D00A8170A /* ViewController.swift in Sources */,
				CAAA37D82448DA4D00A8170A /* AppDelegate.swift in Sources */,
				CAAA37DA2448DA4D00A8170A /* SceneDelegate.swift in Sources */,
			);
			runOnlyForDeploymentPostprocessing = 0;
		};
/* End PBXSourcesBuildPhase section */

/* Begin PBXVariantGroup section */
		CAAA37DD2448DA4D00A8170A /* Main.storyboard */ = {
			isa = PBXVariantGroup;
			children = (
				CAAA37DE2448DA4D00A8170A /* Base */,
			);
			name = Main.storyboard;
			sourceTree = "<group>";
		};
		CAAA37E22448DA4E00A8170A /* LaunchScreen.storyboard */ = {
			isa = PBXVariantGroup;
			children = (
				CAAA37E32448DA4E00A8170A /* Base */,
			);
			name = LaunchScreen.storyboard;
			sourceTree = "<group>";
		};
/* End PBXVariantGroup section */

/* Begin XCBuildConfiguration section */
		CAAA37E62448DA4E00A8170A /* Debug */ = {
			isa = XCBuildConfiguration;
			buildSettings = {
				ALWAYS_SEARCH_USER_PATHS = NO;
				CLANG_ANALYZER_NONNULL = YES;
				CLANG_ANALYZER_NUMBER_OBJECT_CONVERSION = YES_AGGRESSIVE;
				CLANG_CXX_LANGUAGE_STANDARD = "gnu++14";
				CLANG_CXX_LIBRARY = "libc++";
				CLANG_ENABLE_MODULES = YES;
				CLANG_ENABLE_OBJC_ARC = YES;
				CLANG_ENABLE_OBJC_WEAK = YES;
				CLANG_WARN_BLOCK_CAPTURE_AUTORELEASING = YES;
				CLANG_WARN_BOOL_CONVERSION = YES;
				CLANG_WARN_COMMA = YES;
				CLANG_WARN_CONSTANT_CONVERSION = YES;
				CLANG_WARN_DEPRECATED_OBJC_IMPLEMENTATIONS = YES;
				CLANG_WARN_DIRECT_OBJC_ISA_USAGE = YES_ERROR;
				CLANG_WARN_DOCUMENTATION_COMMENTS = YES;
				CLANG_WARN_EMPTY_BODY = YES;
				CLANG_WARN_ENUM_CONVERSION = YES;
				CLANG_WARN_INFINITE_RECURSION = YES;
				CLANG_WARN_INT_CONVERSION = YES;
				CLANG_WARN_NON_LITERAL_NULL_CONVERSION = YES;
				CLANG_WARN_OBJC_IMPLICIT_RETAIN_SELF = YES;
				CLANG_WARN_OBJC_LITERAL_CONVERSION = YES;
				CLANG_WARN_OBJC_ROOT_CLASS = YES_ERROR;
				CLANG_WARN_RANGE_LOOP_ANALYSIS = YES;
				CLANG_WARN_STRICT_PROTOTYPES = YES;
				CLANG_WARN_SUSPICIOUS_MOVE = YES;
				CLANG_WARN_UNGUARDED_AVAILABILITY = YES_AGGRESSIVE;
				CLANG_WARN_UNREACHABLE_CODE = YES;
				CLANG_WARN__DUPLICATE_METHOD_MATCH = YES;
				COPY_PHASE_STRIP = NO;
				DEBUG_INFORMATION_FORMAT = dwarf;
				ENABLE_STRICT_OBJC_MSGSEND = YES;
				ENABLE_TESTABILITY = YES;
				GCC_C_LANGUAGE_STANDARD = gnu11;
				GCC_DYNAMIC_NO_PIC = NO;
				GCC_NO_COMMON_BLOCKS = YES;
				GCC_OPTIMIZATION_LEVEL = 0;
				GCC_PREPROCESSOR_DEFINITIONS = (
					"DEBUG=1",
					"$(inherited)",
				);
				GCC_WARN_64_TO_32_BIT_CONVERSION = YES;
				GCC_WARN_ABOUT_RETURN_TYPE = YES_ERROR;
				GCC_WARN_UNDECLARED_SELECTOR = YES;
				GCC_WARN_UNINITIALIZED_AUTOS = YES_AGGRESSIVE;
				GCC_WARN_UNUSED_FUNCTION = YES;
				GCC_WARN_UNUSED_VARIABLE = YES;
				IPHONEOS_DEPLOYMENT_TARGET = 13.4;
				MTL_ENABLE_DEBUG_INFO = INCLUDE_SOURCE;
				MTL_FAST_MATH = YES;
				ONLY_ACTIVE_ARCH = YES;
				SDKROOT = iphoneos;
				SWIFT_ACTIVE_COMPILATION_CONDITIONS = DEBUG;
				SWIFT_OPTIMIZATION_LEVEL = "-Onone";
			};
			name = Debug;
		};
		CAAA37E72448DA4E00A8170A /* Release */ = {
			isa = XCBuildConfiguration;
			buildSettings = {
				ALWAYS_SEARCH_USER_PATHS = NO;
				CLANG_ANALYZER_NONNULL = YES;
				CLANG_ANALYZER_NUMBER_OBJECT_CONVERSION = YES_AGGRESSIVE;
				CLANG_CXX_LANGUAGE_STANDARD = "gnu++14";
				CLANG_CXX_LIBRARY = "libc++";
				CLANG_ENABLE_MODULES = YES;
				CLANG_ENABLE_OBJC_ARC = YES;
				CLANG_ENABLE_OBJC_WEAK = YES;
				CLANG_WARN_BLOCK_CAPTURE_AUTORELEASING = YES;
				CLANG_WARN_BOOL_CONVERSION = YES;
				CLANG_WARN_COMMA = YES;
				CLANG_WARN_CONSTANT_CONVERSION = YES;
				CLANG_WARN_DEPRECATED_OBJC_IMPLEMENTATIONS = YES;
				CLANG_WARN_DIRECT_OBJC_ISA_USAGE = YES_ERROR;
				CLANG_WARN_DOCUMENTATION_COMMENTS = YES;
				CLANG_WARN_EMPTY_BODY = YES;
				CLANG_WARN_ENUM_CONVERSION = YES;
				CLANG_WARN_INFINITE_RECURSION = YES;
				CLANG_WARN_INT_CONVERSION = YES;
				CLANG_WARN_NON_LITERAL_NULL_CONVERSION = YES;
				CLANG_WARN_OBJC_IMPLICIT_RETAIN_SELF = YES;
				CLANG_WARN_OBJC_LITERAL_CONVERSION = YES;
				CLANG_WARN_OBJC_ROOT_CLASS = YES_ERROR;
				CLANG_WARN_RANGE_LOOP_ANALYSIS = YES;
				CLANG_WARN_STRICT_PROTOTYPES = YES;
				CLANG_WARN_SUSPICIOUS_MOVE = YES;
				CLANG_WARN_UNGUARDED_AVAILABILITY = YES_AGGRESSIVE;
				CLANG_WARN_UNREACHABLE_CODE = YES;
				CLANG_WARN__DUPLICATE_METHOD_MATCH = YES;
				COPY_PHASE_STRIP = NO;
				DEBUG_INFORMATION_FORMAT = "dwarf-with-dsym";
				ENABLE_NS_ASSERTIONS = NO;
				ENABLE_STRICT_OBJC_MSGSEND = YES;
				GCC_C_LANGUAGE_STANDARD = gnu11;
				GCC_NO_COMMON_BLOCKS = YES;
				GCC_WARN_64_TO_32_BIT_CONVERSION = YES;
				GCC_WARN_ABOUT_RETURN_TYPE = YES_ERROR;
				GCC_WARN_UNDECLARED_SELECTOR = YES;
				GCC_WARN_UNINITIALIZED_AUTOS = YES_AGGRESSIVE;
				GCC_WARN_UNUSED_FUNCTION = YES;
				GCC_WARN_UNUSED_VARIABLE = YES;
				IPHONEOS_DEPLOYMENT_TARGET = 13.4;
				MTL_ENABLE_DEBUG_INFO = NO;
				MTL_FAST_MATH = YES;
				SDKROOT = iphoneos;
				SWIFT_COMPILATION_MODE = wholemodule;
				SWIFT_OPTIMIZATION_LEVEL = "-O";
				VALIDATE_PRODUCT = YES;
			};
			name = Release;
		};
		CAAA37E92448DA4E00A8170A /* Debug */ = {
			isa = XCBuildConfiguration;
			buildSettings = {
				ASSETCATALOG_COMPILER_APPICON_NAME = AppIcon;
				CODE_SIGN_STYLE = Automatic;
				DEVELOPMENT_TEAM = VALK7BP96F;
				INFOPLIST_FILE = Movist/Info.plist;
				LD_RUNPATH_SEARCH_PATHS = (
					"$(inherited)",
					"@executable_path/Frameworks",
				);
				PRODUCT_BUNDLE_IDENTIFIER = com.yildizkoray.Movist;
				PRODUCT_NAME = "$(TARGET_NAME)";
				SWIFT_VERSION = 5.0;
				TARGETED_DEVICE_FAMILY = "1,2";
			};
			name = Debug;
		};
		CAAA37EA2448DA4E00A8170A /* Release */ = {
			isa = XCBuildConfiguration;
			buildSettings = {
				ASSETCATALOG_COMPILER_APPICON_NAME = AppIcon;
				CODE_SIGN_STYLE = Automatic;
				DEVELOPMENT_TEAM = VALK7BP96F;
				INFOPLIST_FILE = Movist/Info.plist;
				LD_RUNPATH_SEARCH_PATHS = (
					"$(inherited)",
					"@executable_path/Frameworks",
				);
				PRODUCT_BUNDLE_IDENTIFIER = com.yildizkoray.Movist;
				PRODUCT_NAME = "$(TARGET_NAME)";
				SWIFT_VERSION = 5.0;
				TARGETED_DEVICE_FAMILY = "1,2";
			};
			name = Release;
		};
/* End XCBuildConfiguration section */

/* Begin XCConfigurationList section */
		CAAA37CF2448DA4D00A8170A /* Build configuration list for PBXProject "Movist" */ = {
			isa = XCConfigurationList;
			buildConfigurations = (
				CAAA37E62448DA4E00A8170A /* Debug */,
				CAAA37E72448DA4E00A8170A /* Release */,
			);
			defaultConfigurationIsVisible = 0;
			defaultConfigurationName = Release;
		};
		CAAA37E82448DA4E00A8170A /* Build configuration list for PBXNativeTarget "Movist" */ = {
			isa = XCConfigurationList;
			buildConfigurations = (
				CAAA37E92448DA4E00A8170A /* Debug */,
				CAAA37EA2448DA4E00A8170A /* Release */,
			);
			defaultConfigurationIsVisible = 0;
			defaultConfigurationName = Release;
		};
/* End XCConfigurationList section */
	};
	rootObject = CAAA37CC2448DA4D00A8170A /* Project object */;
}
